// !$*UTF8*$!
{
	archiveVersion = 1;
	classes = {
	};
	objectVersion = 55;
	objects = {

/* Begin PBXBuildFile section */
		14B555562809A54D003F8E17 /* AppDelegate.swift in Sources */ = {isa = PBXBuildFile; fileRef = 14B555552809A54D003F8E17 /* AppDelegate.swift */; };
		14B555582809A54D003F8E17 /* SceneDelegate.swift in Sources */ = {isa = PBXBuildFile; fileRef = 14B555572809A54D003F8E17 /* SceneDelegate.swift */; };
		14B5555A2809A54D003F8E17 /* ViewController.swift in Sources */ = {isa = PBXBuildFile; fileRef = 14B555592809A54D003F8E17 /* ViewController.swift */; };
		14B5555D2809A54D003F8E17 /* Main.storyboard in Resources */ = {isa = PBXBuildFile; fileRef = 14B5555B2809A54D003F8E17 /* Main.storyboard */; };
		14B5555F2809A555003F8E17 /* Assets.xcassets in Resources */ = {isa = PBXBuildFile; fileRef = 14B5555E2809A555003F8E17 /* Assets.xcassets */; };
		14B555622809A555003F8E17 /* LaunchScreen.storyboard in Resources */ = {isa = PBXBuildFile; fileRef = 14B555602809A555003F8E17 /* LaunchScreen.storyboard */; };
		B453F86A281F86CA00629216 /* YouTube.storyboard in Resources */ = {isa = PBXBuildFile; fileRef = B453F869281F86CA00629216 /* YouTube.storyboard */; };
		B453F86C281F879200629216 /* YouTubeViewController.swift in Sources */ = {isa = PBXBuildFile; fileRef = B453F86B281F879200629216 /* YouTubeViewController.swift */; };
		B4C255C02824C0800055E69B /* STYLEHAUS.swift in Sources */ = {isa = PBXBuildFile; fileRef = B4C255BF2824C0800055E69B /* STYLEHAUS.swift */; };
		B4C255C22824C0C40055E69B /* STYLEHAUS.storyboard in Resources */ = {isa = PBXBuildFile; fileRef = B4C255C12824C0C40055E69B /* STYLEHAUS.storyboard */; };
/* End PBXBuildFile section */

/* Begin PBXFileReference section */
		14B555522809A54D003F8E17 /* tutorial.app */ = {isa = PBXFileReference; explicitFileType = wrapper.application; includeInIndex = 0; path = tutorial.app; sourceTree = BUILT_PRODUCTS_DIR; };
		14B555552809A54D003F8E17 /* AppDelegate.swift */ = {isa = PBXFileReference; lastKnownFileType = sourcecode.swift; path = AppDelegate.swift; sourceTree = "<group>"; };
		14B555572809A54D003F8E17 /* SceneDelegate.swift */ = {isa = PBXFileReference; lastKnownFileType = sourcecode.swift; path = SceneDelegate.swift; sourceTree = "<group>"; };
		14B555592809A54D003F8E17 /* ViewController.swift */ = {isa = PBXFileReference; lastKnownFileType = sourcecode.swift; path = ViewController.swift; sourceTree = "<group>"; };
		14B5555C2809A54D003F8E17 /* Base */ = {isa = PBXFileReference; lastKnownFileType = file.storyboard; name = Base; path = Base.lproj/Main.storyboard; sourceTree = "<group>"; };
		14B5555E2809A555003F8E17 /* Assets.xcassets */ = {isa = PBXFileReference; lastKnownFileType = folder.assetcatalog; path = Assets.xcassets; sourceTree = "<group>"; };
		14B555612809A555003F8E17 /* Base */ = {isa = PBXFileReference; lastKnownFileType = file.storyboard; name = Base; path = Base.lproj/LaunchScreen.storyboard; sourceTree = "<group>"; };
		14B555632809A555003F8E17 /* Info.plist */ = {isa = PBXFileReference; lastKnownFileType = text.plist.xml; path = Info.plist; sourceTree = "<group>"; };
		B453F869281F86CA00629216 /* YouTube.storyboard */ = {isa = PBXFileReference; lastKnownFileType = file.storyboard; path = YouTube.storyboard; sourceTree = "<group>"; };
		B453F86B281F879200629216 /* YouTubeViewController.swift */ = {isa = PBXFileReference; lastKnownFileType = sourcecode.swift; path = YouTubeViewController.swift; sourceTree = "<group>"; };
		B4C255BF2824C0800055E69B /* STYLEHAUS.swift */ = {isa = PBXFileReference; lastKnownFileType = sourcecode.swift; path = STYLEHAUS.swift; sourceTree = "<group>"; };
		B4C255C12824C0C40055E69B /* STYLEHAUS.storyboard */ = {isa = PBXFileReference; lastKnownFileType = file.storyboard; path = STYLEHAUS.storyboard; sourceTree = "<group>"; };
/* End PBXFileReference section */

/* Begin PBXFrameworksBuildPhase section */
		14B5554F2809A54D003F8E17 /* Frameworks */ = {
			isa = PBXFrameworksBuildPhase;
			buildActionMask = 2147483647;
			files = (
			);
			runOnlyForDeploymentPostprocessing = 0;
		};
/* End PBXFrameworksBuildPhase section */

/* Begin PBXGroup section */
		14B555492809A54D003F8E17 = {
			isa = PBXGroup;
			children = (
				14B555542809A54D003F8E17 /* tutorial */,
				14B555532809A54D003F8E17 /* Products */,
			);
			sourceTree = "<group>";
		};
		14B555532809A54D003F8E17 /* Products */ = {
			isa = PBXGroup;
			children = (
				14B555522809A54D003F8E17 /* tutorial.app */,
			);
			name = Products;
			sourceTree = "<group>";
		};
		14B555542809A54D003F8E17 /* tutorial */ = {
			isa = PBXGroup;
			children = (
				14B555552809A54D003F8E17 /* AppDelegate.swift */,
				14B555572809A54D003F8E17 /* SceneDelegate.swift */,
				B4C255C32824C0F40055E69B /* Main */,
				B453F867281F869D00629216 /* Copy */,
				14B5555E2809A555003F8E17 /* Assets.xcassets */,
				14B555602809A555003F8E17 /* LaunchScreen.storyboard */,
				14B555632809A555003F8E17 /* Info.plist */,
			);
			path = tutorial;
			sourceTree = "<group>";
		};
		B453F867281F869D00629216 /* Copy */ = {
			isa = PBXGroup;
			children = (
				B4C255BE2824C04A0055E69B /* STYLEHAUS */,
				B453F868281F86B200629216 /* YouTube */,
			);
			path = Copy;
			sourceTree = "<group>";
		};
		B453F868281F86B200629216 /* YouTube */ = {
			isa = PBXGroup;
			children = (
				B453F869281F86CA00629216 /* YouTube.storyboard */,
				B453F86B281F879200629216 /* YouTubeViewController.swift */,
			);
			path = YouTube;
			sourceTree = "<group>";
		};
		B4C255BE2824C04A0055E69B /* STYLEHAUS */ = {
			isa = PBXGroup;
			children = (
				B4C255BF2824C0800055E69B /* STYLEHAUS.swift */,
				B4C255C12824C0C40055E69B /* STYLEHAUS.storyboard */,
			);
			path = STYLEHAUS;
			sourceTree = "<group>";
		};
		B4C255C32824C0F40055E69B /* Main */ = {
			isa = PBXGroup;
			children = (
				14B555592809A54D003F8E17 /* ViewController.swift */,
				14B5555B2809A54D003F8E17 /* Main.storyboard */,
			);
			path = Main;
			sourceTree = "<group>";
		};
/* End PBXGroup section */

/* Begin PBXNativeTarget section */
		14B555512809A54D003F8E17 /* tutorial */ = {
			isa = PBXNativeTarget;
			buildConfigurationList = 14B555662809A555003F8E17 /* Build configuration list for PBXNativeTarget "tutorial" */;
			buildPhases = (
				14B5554E2809A54D003F8E17 /* Sources */,
				14B5554F2809A54D003F8E17 /* Frameworks */,
				14B555502809A54D003F8E17 /* Resources */,
			);
			buildRules = (
			);
			dependencies = (
			);
			name = tutorial;
			productName = tutorial;
			productReference = 14B555522809A54D003F8E17 /* tutorial.app */;
			productType = "com.apple.product-type.application";
		};
/* End PBXNativeTarget section */

/* Begin PBXProject section */
		14B5554A2809A54D003F8E17 /* Project object */ = {
			isa = PBXProject;
			attributes = {
				BuildIndependentTargetsInParallel = 1;
				LastSwiftUpdateCheck = 1330;
				LastUpgradeCheck = 1330;
				TargetAttributes = {
					14B555512809A54D003F8E17 = {
						CreatedOnToolsVersion = 13.3;
					};
				};
			};
			buildConfigurationList = 14B5554D2809A54D003F8E17 /* Build configuration list for PBXProject "tutorial" */;
			compatibilityVersion = "Xcode 13.0";
			developmentRegion = en;
			hasScannedForEncodings = 0;
			knownRegions = (
				en,
				Base,
			);
			mainGroup = 14B555492809A54D003F8E17;
			productRefGroup = 14B555532809A54D003F8E17 /* Products */;
			projectDirPath = "";
			projectRoot = "";
			targets = (
				14B555512809A54D003F8E17 /* tutorial */,
			);
		};
/* End PBXProject section */

/* Begin PBXResourcesBuildPhase section */
		14B555502809A54D003F8E17 /* Resources */ = {
			isa = PBXResourcesBuildPhase;
			buildActionMask = 2147483647;
			files = (
				14B555622809A555003F8E17 /* LaunchScreen.storyboard in Resources */,
				14B5555F2809A555003F8E17 /* Assets.xcassets in Resources */,
				B453F86A281F86CA00629216 /* YouTube.storyboard in Resources */,
				14B5555D2809A54D003F8E17 /* Main.storyboard in Resources */,
				B4C255C22824C0C40055E69B /* STYLEHAUS.storyboard in Resources */,
			);
			runOnlyForDeploymentPostprocessing = 0;
		};
/* End PBXResourcesBuildPhase section */

/* Begin PBXSourcesBuildPhase section */
		14B5554E2809A54D003F8E17 /* Sources */ = {
			isa = PBXSourcesBuildPhase;
			buildActionMask = 2147483647;
			files = (
				B4C255C02824C0800055E69B /* STYLEHAUS.swift in Sources */,
				14B5555A2809A54D003F8E17 /* ViewController.swift in Sources */,
				B453F86C281F879200629216 /* YouTubeViewController.swift in Sources */,
				14B555562809A54D003F8E17 /* AppDelegate.swift in Sources */,
				14B555582809A54D003F8E17 /* SceneDelegate.swift in Sources */,
			);
			runOnlyForDeploymentPostprocessing = 0;
		};
/* End PBXSourcesBuildPhase section */

/* Begin PBXVariantGroup section */
		14B5555B2809A54D003F8E17 /* Main.storyboard */ = {
			isa = PBXVariantGroup;
			children = (
				14B5555C2809A54D003F8E17 /* Base */,
			);
			name = Main.storyboard;
			sourceTree = "<group>";
		};
		14B555602809A555003F8E17 /* LaunchScreen.storyboard */ = {
			isa = PBXVariantGroup;
			children = (
				14B555612809A555003F8E17 /* Base */,
			);
			name = LaunchScreen.storyboard;
			sourceTree = "<group>";
		};
/* End PBXVariantGroup section */

/* Begin XCBuildConfiguration section */
		14B555642809A555003F8E17 /* Debug */ = {
			isa = XCBuildConfiguration;
			buildSettings = {
				ALWAYS_SEARCH_USER_PATHS = NO;
				CLANG_ANALYZER_NONNULL = YES;
				CLANG_ANALYZER_NUMBER_OBJECT_CONVERSION = YES_AGGRESSIVE;
				CLANG_CXX_LANGUAGE_STANDARD = "gnu++17";
				CLANG_ENABLE_MODULES = YES;
				CLANG_ENABLE_OBJC_ARC = YES;
				CLANG_ENABLE_OBJC_WEAK = YES;
				CLANG_WARN_BLOCK_CAPTURE_AUTORELEASING = YES;
				CLANG_WARN_BOOL_CONVERSION = YES;
				CLANG_WARN_COMMA = YES;
				CLANG_WARN_CONSTANT_CONVERSION = YES;
				CLANG_WARN_DEPRECATED_OBJC_IMPLEMENTATIONS = YES;
				CLANG_WARN_DIRECT_OBJC_ISA_USAGE = YES_ERROR;
				CLANG_WARN_DOCUMENTATION_COMMENTS = YES;
				CLANG_WARN_EMPTY_BODY = YES;
				CLANG_WARN_ENUM_CONVERSION = YES;
				CLANG_WARN_INFINITE_RECURSION = YES;
				CLANG_WARN_INT_CONVERSION = YES;
				CLANG_WARN_NON_LITERAL_NULL_CONVERSION = YES;
				CLANG_WARN_OBJC_IMPLICIT_RETAIN_SELF = YES;
				CLANG_WARN_OBJC_LITERAL_CONVERSION = YES;
				CLANG_WARN_OBJC_ROOT_CLASS = YES_ERROR;
				CLANG_WARN_QUOTED_INCLUDE_IN_FRAMEWORK_HEADER = YES;
				CLANG_WARN_RANGE_LOOP_ANALYSIS = YES;
				CLANG_WARN_STRICT_PROTOTYPES = YES;
				CLANG_WARN_SUSPICIOUS_MOVE = YES;
				CLANG_WARN_UNGUARDED_AVAILABILITY = YES_AGGRESSIVE;
				CLANG_WARN_UNREACHABLE_CODE = YES;
				CLANG_WARN__DUPLICATE_METHOD_MATCH = YES;
				COPY_PHASE_STRIP = NO;
				DEBUG_INFORMATION_FORMAT = dwarf;
				ENABLE_STRICT_OBJC_MSGSEND = YES;
				ENABLE_TESTABILITY = YES;
				GCC_C_LANGUAGE_STANDARD = gnu11;
				GCC_DYNAMIC_NO_PIC = NO;
				GCC_NO_COMMON_BLOCKS = YES;
				GCC_OPTIMIZATION_LEVEL = 0;
				GCC_PREPROCESSOR_DEFINITIONS = (
					"DEBUG=1",
					"$(inherited)",
				);
				GCC_WARN_64_TO_32_BIT_CONVERSION = YES;
				GCC_WARN_ABOUT_RETURN_TYPE = YES_ERROR;
				GCC_WARN_UNDECLARED_SELECTOR = YES;
				GCC_WARN_UNINITIALIZED_AUTOS = YES_AGGRESSIVE;
				GCC_WARN_UNUSED_FUNCTION = YES;
				GCC_WARN_UNUSED_VARIABLE = YES;
				IPHONEOS_DEPLOYMENT_TARGET = 14.1;
				MTL_ENABLE_DEBUG_INFO = INCLUDE_SOURCE;
				MTL_FAST_MATH = YES;
				ONLY_ACTIVE_ARCH = YES;
				SDKROOT = iphoneos;
				SWIFT_ACTIVE_COMPILATION_CONDITIONS = DEBUG;
				SWIFT_OPTIMIZATION_LEVEL = "-Onone";
			};
			name = Debug;
		};
		14B555652809A555003F8E17 /* Release */ = {
			isa = XCBuildConfiguration;
			buildSettings = {
				ALWAYS_SEARCH_USER_PATHS = NO;
				CLANG_ANALYZER_NONNULL = YES;
				CLANG_ANALYZER_NUMBER_OBJECT_CONVERSION = YES_AGGRESSIVE;
				CLANG_CXX_LANGUAGE_STANDARD = "gnu++17";
				CLANG_ENABLE_MODULES = YES;
				CLANG_ENABLE_OBJC_ARC = YES;
				CLANG_ENABLE_OBJC_WEAK = YES;
				CLANG_WARN_BLOCK_CAPTURE_AUTORELEASING = YES;
				CLANG_WARN_BOOL_CONVERSION = YES;
				CLANG_WARN_COMMA = YES;
				CLANG_WARN_CONSTANT_CONVERSION = YES;
				CLANG_WARN_DEPRECATED_OBJC_IMPLEMENTATIONS = YES;
				CLANG_WARN_DIRECT_OBJC_ISA_USAGE = YES_ERROR;
				CLANG_WARN_DOCUMENTATION_COMMENTS = YES;
				CLANG_WARN_EMPTY_BODY = YES;
				CLANG_WARN_ENUM_CONVERSION = YES;
				CLANG_WARN_INFINITE_RECURSION = YES;
				CLANG_WARN_INT_CONVERSION = YES;
				CLANG_WARN_NON_LITERAL_NULL_CONVERSION = YES;
				CLANG_WARN_OBJC_IMPLICIT_RETAIN_SELF = YES;
				CLANG_WARN_OBJC_LITERAL_CONVERSION = YES;
				CLANG_WARN_OBJC_ROOT_CLASS = YES_ERROR;
				CLANG_WARN_QUOTED_INCLUDE_IN_FRAMEWORK_HEADER = YES;
				CLANG_WARN_RANGE_LOOP_ANALYSIS = YES;
				CLANG_WARN_STRICT_PROTOTYPES = YES;
				CLANG_WARN_SUSPICIOUS_MOVE = YES;
				CLANG_WARN_UNGUARDED_AVAILABILITY = YES_AGGRESSIVE;
				CLANG_WARN_UNREACHABLE_CODE = YES;
				CLANG_WARN__DUPLICATE_METHOD_MATCH = YES;
				COPY_PHASE_STRIP = NO;
				DEBUG_INFORMATION_FORMAT = "dwarf-with-dsym";
				ENABLE_NS_ASSERTIONS = NO;
				ENABLE_STRICT_OBJC_MSGSEND = YES;
				GCC_C_LANGUAGE_STANDARD = gnu11;
				GCC_NO_COMMON_BLOCKS = YES;
				GCC_WARN_64_TO_32_BIT_CONVERSION = YES;
				GCC_WARN_ABOUT_RETURN_TYPE = YES_ERROR;
				GCC_WARN_UNDECLARED_SELECTOR = YES;
				GCC_WARN_UNINITIALIZED_AUTOS = YES_AGGRESSIVE;
				GCC_WARN_UNUSED_FUNCTION = YES;
				GCC_WARN_UNUSED_VARIABLE = YES;
				IPHONEOS_DEPLOYMENT_TARGET = 14.1;
				MTL_ENABLE_DEBUG_INFO = NO;
				MTL_FAST_MATH = YES;
				SDKROOT = iphoneos;
				SWIFT_COMPILATION_MODE = wholemodule;
				SWIFT_OPTIMIZATION_LEVEL = "-O";
				VALIDATE_PRODUCT = YES;
			};
			name = Release;
		};
		14B555672809A555003F8E17 /* Debug */ = {
			isa = XCBuildConfiguration;
			buildSettings = {
				ASSETCATALOG_COMPILER_APPICON_NAME = AppIcon;
				ASSETCATALOG_COMPILER_GLOBAL_ACCENT_COLOR_NAME = AccentColor;
				CODE_SIGN_STYLE = Automatic;
				CURRENT_PROJECT_VERSION = 1;
				DEVELOPMENT_TEAM = 8WHJLXCH2K;
				GENERATE_INFOPLIST_FILE = YES;
				INFOPLIST_FILE = tutorial/Info.plist;
				INFOPLIST_KEY_UIApplicationSupportsIndirectInputEvents = YES;
				INFOPLIST_KEY_UILaunchStoryboardName = LaunchScreen;
				INFOPLIST_KEY_UIMainStoryboardFile = Main;
				INFOPLIST_KEY_UISupportedInterfaceOrientations_iPad = "UIInterfaceOrientationPortrait UIInterfaceOrientationPortraitUpsideDown UIInterfaceOrientationLandscapeLeft UIInterfaceOrientationLandscapeRight";
				INFOPLIST_KEY_UISupportedInterfaceOrientations_iPhone = "UIInterfaceOrientationPortrait UIInterfaceOrientationLandscapeLeft UIInterfaceOrientationLandscapeRight";
				LD_RUNPATH_SEARCH_PATHS = (
					"$(inherited)",
					"@executable_path/Frameworks",
				);
				MARKETING_VERSION = 1.0;
				PRODUCT_BUNDLE_IDENTIFIER = com.axiaworks.tutorial;
				PRODUCT_NAME = "$(TARGET_NAME)";
				SWIFT_EMIT_LOC_STRINGS = YES;
				SWIFT_VERSION = 5.0;
				TARGETED_DEVICE_FAMILY = "1,2";
			};
			name = Debug;
		};
		14B555682809A555003F8E17 /* Release */ = {
			isa = XCBuildConfiguration;
			buildSettings = {
				ASSETCATALOG_COMPILER_APPICON_NAME = AppIcon;
				ASSETCATALOG_COMPILER_GLOBAL_ACCENT_COLOR_NAME = AccentColor;
				CODE_SIGN_STYLE = Automatic;
				CURRENT_PROJECT_VERSION = 1;
				DEVELOPMENT_TEAM = 8WHJLXCH2K;
				GENERATE_INFOPLIST_FILE = YES;
				INFOPLIST_FILE = tutorial/Info.plist;
				INFOPLIST_KEY_UIApplicationSupportsIndirectInputEvents = YES;
				INFOPLIST_KEY_UILaunchStoryboardName = LaunchScreen;
				INFOPLIST_KEY_UIMainStoryboardFile = Main;
				INFOPLIST_KEY_UISupportedInterfaceOrientations_iPad = "UIInterfaceOrientationPortrait UIInterfaceOrientationPortraitUpsideDown UIInterfaceOrientationLandscapeLeft UIInterfaceOrientationLandscapeRight";
				INFOPLIST_KEY_UISupportedInterfaceOrientations_iPhone = "UIInterfaceOrientationPortrait UIInterfaceOrientationLandscapeLeft UIInterfaceOrientationLandscapeRight";
				LD_RUNPATH_SEARCH_PATHS = (
					"$(inherited)",
					"@executable_path/Frameworks",
				);
				MARKETING_VERSION = 1.0;
				PRODUCT_BUNDLE_IDENTIFIER = com.axiaworks.tutorial;
				PRODUCT_NAME = "$(TARGET_NAME)";
				SWIFT_EMIT_LOC_STRINGS = YES;
				SWIFT_VERSION = 5.0;
				TARGETED_DEVICE_FAMILY = "1,2";
			};
			name = Release;
		};
/* End XCBuildConfiguration section */

/* Begin XCConfigurationList section */
		14B5554D2809A54D003F8E17 /* Build configuration list for PBXProject "tutorial" */ = {
			isa = XCConfigurationList;
			buildConfigurations = (
				14B555642809A555003F8E17 /* Debug */,
				14B555652809A555003F8E17 /* Release */,
			);
			defaultConfigurationIsVisible = 0;
			defaultConfigurationName = Release;
		};
		14B555662809A555003F8E17 /* Build configuration list for PBXNativeTarget "tutorial" */ = {
			isa = XCConfigurationList;
			buildConfigurations = (
				14B555672809A555003F8E17 /* Debug */,
				14B555682809A555003F8E17 /* Release */,
			);
			defaultConfigurationIsVisible = 0;
			defaultConfigurationName = Release;
		};
/* End XCConfigurationList section */
	};
	rootObject = 14B5554A2809A54D003F8E17 /* Project object */;
}
