// !$*UTF8*$!
{
	archiveVersion = 1;
	classes = {
	};
	objectVersion = 55;
	objects = {

/* Begin PBXBuildFile section */
		14B555562809A54D003F8E17 /* AppDelegate.swift in Sources */ = {isa = PBXBuildFile; fileRef = 14B555552809A54D003F8E17 /* AppDelegate.swift */; };
		14B555582809A54D003F8E17 /* SceneDelegate.swift in Sources */ = {isa = PBXBuildFile; fileRef = 14B555572809A54D003F8E17 /* SceneDelegate.swift */; };
		14B5555A2809A54D003F8E17 /* ViewController.swift in Sources */ = {isa = PBXBuildFile; fileRef = 14B555592809A54D003F8E17 /* ViewController.swift */; };
		14B5555D2809A54D003F8E17 /* Main.storyboard in Resources */ = {isa = PBXBuildFile; fileRef = 14B5555B2809A54D003F8E17 /* Main.storyboard */; };
		14B5555F2809A555003F8E17 /* Assets.xcassets in Resources */ = {isa = PBXBuildFile; fileRef = 14B5555E2809A555003F8E17 /* Assets.xcassets */; };
		14B555622809A555003F8E17 /* LaunchScreen.storyboard in Resources */ = {isa = PBXBuildFile; fileRef = 14B555602809A555003F8E17 /* LaunchScreen.storyboard */; };
		82E7C0EAD9B95E3ACEBD0F9F /* Pods_tutorial.framework in Frameworks */ = {isa = PBXBuildFile; fileRef = 1D904DFD8706C3B2F0802C40 /* Pods_tutorial.framework */; };
		B404FBD2282E04310049BDD1 /* CombineMoya in Frameworks */ = {isa = PBXBuildFile; productRef = B404FBD1282E04310049BDD1 /* CombineMoya */; };
		B404FBD4282E04310049BDD1 /* Moya in Frameworks */ = {isa = PBXBuildFile; productRef = B404FBD3282E04310049BDD1 /* Moya */; };
		B404FBD6282E04310049BDD1 /* ReactiveMoya in Frameworks */ = {isa = PBXBuildFile; productRef = B404FBD5282E04310049BDD1 /* ReactiveMoya */; };
		B404FBD8282E04310049BDD1 /* RxMoya in Frameworks */ = {isa = PBXBuildFile; productRef = B404FBD7282E04310049BDD1 /* RxMoya */; };
		B453F86A281F86CA00629216 /* YouTube.storyboard in Resources */ = {isa = PBXBuildFile; fileRef = B453F869281F86CA00629216 /* YouTube.storyboard */; };
		B453F86C281F879200629216 /* YouTubeViewController.swift in Sources */ = {isa = PBXBuildFile; fileRef = B453F86B281F879200629216 /* YouTubeViewController.swift */; };
		B45AD41A282CE2EC0032CA9E /* R.generated.swift in Sources */ = {isa = PBXBuildFile; fileRef = B45AD419282CE2EC0032CA9E /* R.generated.swift */; };
		B45AD41D282CE3540032CA9E /* Kingfisher in Frameworks */ = {isa = PBXBuildFile; productRef = B45AD41C282CE3540032CA9E /* Kingfisher */; };
		B45AD42D282CE71D0032CA9E /* QiitaModel.swift in Sources */ = {isa = PBXBuildFile; fileRef = B45AD42C282CE71C0032CA9E /* QiitaModel.swift */; };
		B45AD42F282CE8880032CA9E /* QiitaAPI.swift in Sources */ = {isa = PBXBuildFile; fileRef = B45AD42E282CE8880032CA9E /* QiitaAPI.swift */; };
		B45AD432282CED8D0032CA9E /* TableViewCell.swift in Sources */ = {isa = PBXBuildFile; fileRef = B45AD430282CED8C0032CA9E /* TableViewCell.swift */; };
		B45AD433282CED8D0032CA9E /* TableViewCell.xib in Resources */ = {isa = PBXBuildFile; fileRef = B45AD431282CED8D0032CA9E /* TableViewCell.xib */; };
		B45AD438282CF9F70032CA9E /* QiitaViewModel.swift in Sources */ = {isa = PBXBuildFile; fileRef = B45AD437282CF9F70032CA9E /* QiitaViewModel.swift */; };
		B45AD450282D03F10032CA9E /* RxCocoa in Frameworks */ = {isa = PBXBuildFile; productRef = B45AD44F282D03F10032CA9E /* RxCocoa */; };
		B45AD452282D03F10032CA9E /* RxSwift in Frameworks */ = {isa = PBXBuildFile; productRef = B45AD451282D03F10032CA9E /* RxSwift */; };
		B45F25C8283B4F9000170675 /* MCUAPI.swift in Sources */ = {isa = PBXBuildFile; fileRef = B45F25C7283B4F9000170675 /* MCUAPI.swift */; };
		B45F25CB283B4FC400170675 /* MCUViewModel.swift in Sources */ = {isa = PBXBuildFile; fileRef = B45F25CA283B4FC400170675 /* MCUViewModel.swift */; };
		B45F25CD283B501000170675 /* MCUModel.swift in Sources */ = {isa = PBXBuildFile; fileRef = B45F25CC283B501000170675 /* MCUModel.swift */; };
		B45F25CF283B503D00170675 /* FavoriteViewController.swift in Sources */ = {isa = PBXBuildFile; fileRef = B45F25CE283B503D00170675 /* FavoriteViewController.swift */; };
		B45F25D2283B505400170675 /* FavoriteViewController.storyboard in Resources */ = {isa = PBXBuildFile; fileRef = B45F25D1283B505400170675 /* FavoriteViewController.storyboard */; };
		B45F25D4283B509500170675 /* HomeViewController.swift in Sources */ = {isa = PBXBuildFile; fileRef = B45F25D3283B509500170675 /* HomeViewController.swift */; };
		B45F25D6283B50A900170675 /* Home.storyboard in Resources */ = {isa = PBXBuildFile; fileRef = B45F25D5283B50A900170675 /* Home.storyboard */; };
		B45F25DA283B522400170675 /* MCUmovieCell.swift in Sources */ = {isa = PBXBuildFile; fileRef = B45F25D9283B522400170675 /* MCUmovieCell.swift */; };
		B45F25DC283B524500170675 /* MCUmovieCell.xib in Resources */ = {isa = PBXBuildFile; fileRef = B45F25DB283B524500170675 /* MCUmovieCell.xib */; };
		B45F25DE283B526500170675 /* MCUmovieViewController.swift in Sources */ = {isa = PBXBuildFile; fileRef = B45F25DD283B526500170675 /* MCUmovieViewController.swift */; };
		B45F25E0283B528800170675 /* MCUmovie.storyboard in Resources */ = {isa = PBXBuildFile; fileRef = B45F25DF283B528800170675 /* MCUmovie.storyboard */; };
		B45F25E2283B52BF00170675 /* MCUdramaCell.swift in Sources */ = {isa = PBXBuildFile; fileRef = B45F25E1283B52BF00170675 /* MCUdramaCell.swift */; };
		B45F25E4283B52E000170675 /* MCUdramaCell.xib in Resources */ = {isa = PBXBuildFile; fileRef = B45F25E3283B52DF00170675 /* MCUdramaCell.xib */; };
		B45F25E6283B531400170675 /* MCUdramaViewController.swift in Sources */ = {isa = PBXBuildFile; fileRef = B45F25E5283B531400170675 /* MCUdramaViewController.swift */; };
		B45F25E8283B533100170675 /* MCUdrama.storyboard in Resources */ = {isa = PBXBuildFile; fileRef = B45F25E7283B533100170675 /* MCUdrama.storyboard */; };
		B45F25EB283B538B00170675 /* Parchment in Frameworks */ = {isa = PBXBuildFile; productRef = B45F25EA283B538B00170675 /* Parchment */; };
		B45F25ED283B62DC00170675 /* DetailViewController.swift in Sources */ = {isa = PBXBuildFile; fileRef = B45F25EC283B62DC00170675 /* DetailViewController.swift */; };
		B45F25EF283B62EE00170675 /* DetailViewController.storyboard in Resources */ = {isa = PBXBuildFile; fileRef = B45F25EE283B62EE00170675 /* DetailViewController.storyboard */; };
		B48119DC2828B85B0030C9B5 /* ListTableViewCell.swift in Sources */ = {isa = PBXBuildFile; fileRef = B48119DA2828B85B0030C9B5 /* ListTableViewCell.swift */; };
		B48119DD2828B85B0030C9B5 /* ListTableViewCell.xib in Resources */ = {isa = PBXBuildFile; fileRef = B48119DB2828B85B0030C9B5 /* ListTableViewCell.xib */; };
		B48119F7282B673D0030C9B5 /* StyleHausListModel.swift in Sources */ = {isa = PBXBuildFile; fileRef = B48119F6282B673D0030C9B5 /* StyleHausListModel.swift */; };
		B48119F9282B68530030C9B5 /* StandFMLiveListModel.swift in Sources */ = {isa = PBXBuildFile; fileRef = B48119F8282B68530030C9B5 /* StandFMLiveListModel.swift */; };
		B48119FB282B686E0030C9B5 /* LiveListCell.swift in Sources */ = {isa = PBXBuildFile; fileRef = B48119FA282B686E0030C9B5 /* LiveListCell.swift */; };
		B48119FD282B68760030C9B5 /* LiveListCell.xib in Resources */ = {isa = PBXBuildFile; fileRef = B48119FC282B68760030C9B5 /* LiveListCell.xib */; };
		B4811A4C282CB0A00030C9B5 /* UserDefaults+.swift in Sources */ = {isa = PBXBuildFile; fileRef = B4811A44282CB0A00030C9B5 /* UserDefaults+.swift */; };
		B4811A4D282CB0A00030C9B5 /* UserDefaultsViewController.swift in Sources */ = {isa = PBXBuildFile; fileRef = B4811A46282CB0A00030C9B5 /* UserDefaultsViewController.swift */; };
		B4811A4E282CB0A00030C9B5 /* UserDefaults.storyboard in Resources */ = {isa = PBXBuildFile; fileRef = B4811A47282CB0A00030C9B5 /* UserDefaults.storyboard */; };
		B4811A4F282CB0A00030C9B5 /* DataModel.swift in Sources */ = {isa = PBXBuildFile; fileRef = B4811A49282CB0A00030C9B5 /* DataModel.swift */; };
		B4811A50282CB0A00030C9B5 /* Validation.swift in Sources */ = {isa = PBXBuildFile; fileRef = B4811A4B282CB0A00030C9B5 /* Validation.swift */; };
		B4811A57282CD4F10030C9B5 /* QiitaClient.storyboard in Resources */ = {isa = PBXBuildFile; fileRef = B4811A56282CD4F10030C9B5 /* QiitaClient.storyboard */; };
		B4811A59282CD5210030C9B5 /* QiitaClientViewController.swift in Sources */ = {isa = PBXBuildFile; fileRef = B4811A58282CD5210030C9B5 /* QiitaClientViewController.swift */; };
		B4892B0B283332CF0099894F /* QiitaSearchTag.swift in Sources */ = {isa = PBXBuildFile; fileRef = B4892B0A283332CF0099894F /* QiitaSearchTag.swift */; };
		B4892B1128348F3A0099894F /* HostingAPI.swift in Sources */ = {isa = PBXBuildFile; fileRef = B4892B1028348F3A0099894F /* HostingAPI.swift */; };
		B4892B17283495270099894F /* YouTubeViewModel.swift in Sources */ = {isa = PBXBuildFile; fileRef = B4892B16283495270099894F /* YouTubeViewModel.swift */; };
		B4892B1A28349F310099894F /* StyleHausViewModel.swift in Sources */ = {isa = PBXBuildFile; fileRef = B4892B1928349F310099894F /* StyleHausViewModel.swift */; };
		B4BA44802834CD4700F65E6E /* StandFMViewModel.swift in Sources */ = {isa = PBXBuildFile; fileRef = B4BA447F2834CD4700F65E6E /* StandFMViewModel.swift */; };
		B4BA44CE2835E29B00F65E6E /* TodoModel.swift in Sources */ = {isa = PBXBuildFile; fileRef = B4BA44CD2835E29B00F65E6E /* TodoModel.swift */; };
		B4BA44D32835E2DD00F65E6E /* TodoViewController.swift in Sources */ = {isa = PBXBuildFile; fileRef = B4BA44D22835E2DD00F65E6E /* TodoViewController.swift */; };
		B4BA44D52835E2F700F65E6E /* Todo.storyboard in Resources */ = {isa = PBXBuildFile; fileRef = B4BA44D42835E2F700F65E6E /* Todo.storyboard */; };
		B4BA44D82835E32800F65E6E /* TodoCell.swift in Sources */ = {isa = PBXBuildFile; fileRef = B4BA44D62835E32800F65E6E /* TodoCell.swift */; };
		B4BA44D92835E32800F65E6E /* TodoCell.xib in Resources */ = {isa = PBXBuildFile; fileRef = B4BA44D72835E32800F65E6E /* TodoCell.xib */; };
		B4BA45222836044400F65E6E /* Realm in Frameworks */ = {isa = PBXBuildFile; productRef = B4BA45212836044400F65E6E /* Realm */; };
		B4BA45242836044400F65E6E /* RealmSwift in Frameworks */ = {isa = PBXBuildFile; productRef = B4BA45232836044400F65E6E /* RealmSwift */; };
		B4BA45272836288F00F65E6E /* TodoValidator.swift in Sources */ = {isa = PBXBuildFile; fileRef = B4BA45262836288F00F65E6E /* TodoValidator.swift */; };
		B4BD48C1283DBE5000F72712 /* Instantiate in Frameworks */ = {isa = PBXBuildFile; productRef = B4BD48C0283DBE5000F72712 /* Instantiate */; };
		B4BD48C3283DBE5000F72712 /* InstantiateStandard in Frameworks */ = {isa = PBXBuildFile; productRef = B4BD48C2283DBE5000F72712 /* InstantiateStandard */; };
		B4BD48C8283E199600F72712 /* FavoriteItemCell.swift in Sources */ = {isa = PBXBuildFile; fileRef = B4BD48C6283E199600F72712 /* FavoriteItemCell.swift */; };
		B4BD48C9283E199600F72712 /* FavoriteItemCell.xib in Resources */ = {isa = PBXBuildFile; fileRef = B4BD48C7283E199600F72712 /* FavoriteItemCell.xib */; };
		B4BD48CB283E226900F72712 /* FavoriteDataModel.swift in Sources */ = {isa = PBXBuildFile; fileRef = B4BD48CA283E226900F72712 /* FavoriteDataModel.swift */; };
		B4BD48CD283F321B00F72712 /* SwipeViewController.swift in Sources */ = {isa = PBXBuildFile; fileRef = B4BD48CC283F321B00F72712 /* SwipeViewController.swift */; };
		B4BD48CF283F323200F72712 /* SwipeView.storyboard in Resources */ = {isa = PBXBuildFile; fileRef = B4BD48CE283F323200F72712 /* SwipeView.storyboard */; };
		B4C255C02824C0800055E69B /* StyleHausViewController.swift in Sources */ = {isa = PBXBuildFile; fileRef = B4C255BF2824C0800055E69B /* StyleHausViewController.swift */; };
		B4C255C22824C0C40055E69B /* StyleHaus.storyboard in Resources */ = {isa = PBXBuildFile; fileRef = B4C255C12824C0C40055E69B /* StyleHaus.storyboard */; };
		B4C255C62824F9F40055E69B /* StandFMViewController.swift in Sources */ = {isa = PBXBuildFile; fileRef = B4C255C52824F9F40055E69B /* StandFMViewController.swift */; };
		B4C255C82824FA090055E69B /* StandFM.storyboard in Resources */ = {isa = PBXBuildFile; fileRef = B4C255C72824FA090055E69B /* StandFM.storyboard */; };
		B4C255CB282515100055E69B /* VideoTableViewCell.swift in Sources */ = {isa = PBXBuildFile; fileRef = B4C255C9282515100055E69B /* VideoTableViewCell.swift */; };
		B4C255CC282515100055E69B /* VideoTableViewCell.xib in Resources */ = {isa = PBXBuildFile; fileRef = B4C255CA282515100055E69B /* VideoTableViewCell.xib */; };
		B4C255CE282515470055E69B /* YouTubeVideoModel.swift in Sources */ = {isa = PBXBuildFile; fileRef = B4C255CD282515470055E69B /* YouTubeVideoModel.swift */; };
/* End PBXBuildFile section */

/* Begin PBXFileReference section */
		14B555522809A54D003F8E17 /* tutorial.app */ = {isa = PBXFileReference; explicitFileType = wrapper.application; includeInIndex = 0; path = tutorial.app; sourceTree = BUILT_PRODUCTS_DIR; };
		14B555552809A54D003F8E17 /* AppDelegate.swift */ = {isa = PBXFileReference; lastKnownFileType = sourcecode.swift; path = AppDelegate.swift; sourceTree = "<group>"; };
		14B555572809A54D003F8E17 /* SceneDelegate.swift */ = {isa = PBXFileReference; lastKnownFileType = sourcecode.swift; path = SceneDelegate.swift; sourceTree = "<group>"; };
		14B555592809A54D003F8E17 /* ViewController.swift */ = {isa = PBXFileReference; lastKnownFileType = sourcecode.swift; path = ViewController.swift; sourceTree = "<group>"; };
		14B5555C2809A54D003F8E17 /* Base */ = {isa = PBXFileReference; lastKnownFileType = file.storyboard; name = Base; path = Base.lproj/Main.storyboard; sourceTree = "<group>"; };
		14B5555E2809A555003F8E17 /* Assets.xcassets */ = {isa = PBXFileReference; lastKnownFileType = folder.assetcatalog; path = Assets.xcassets; sourceTree = "<group>"; };
		14B555612809A555003F8E17 /* Base */ = {isa = PBXFileReference; lastKnownFileType = file.storyboard; name = Base; path = Base.lproj/LaunchScreen.storyboard; sourceTree = "<group>"; };
		14B555632809A555003F8E17 /* Info.plist */ = {isa = PBXFileReference; lastKnownFileType = text.plist.xml; path = Info.plist; sourceTree = "<group>"; };
		1D904DFD8706C3B2F0802C40 /* Pods_tutorial.framework */ = {isa = PBXFileReference; explicitFileType = wrapper.framework; includeInIndex = 0; path = Pods_tutorial.framework; sourceTree = BUILT_PRODUCTS_DIR; };
		2330ECC174CA3DF6D7E2E86E /* Pods-tutorial.debug.xcconfig */ = {isa = PBXFileReference; includeInIndex = 1; lastKnownFileType = text.xcconfig; name = "Pods-tutorial.debug.xcconfig"; path = "Target Support Files/Pods-tutorial/Pods-tutorial.debug.xcconfig"; sourceTree = "<group>"; };
		9F6DE09E36C5A8A68BBDA584 /* Pods-tutorial.release.xcconfig */ = {isa = PBXFileReference; includeInIndex = 1; lastKnownFileType = text.xcconfig; name = "Pods-tutorial.release.xcconfig"; path = "Target Support Files/Pods-tutorial/Pods-tutorial.release.xcconfig"; sourceTree = "<group>"; };
		B453F869281F86CA00629216 /* YouTube.storyboard */ = {isa = PBXFileReference; lastKnownFileType = file.storyboard; path = YouTube.storyboard; sourceTree = "<group>"; };
		B453F86B281F879200629216 /* YouTubeViewController.swift */ = {isa = PBXFileReference; lastKnownFileType = sourcecode.swift; path = YouTubeViewController.swift; sourceTree = "<group>"; };
		B45AD419282CE2EC0032CA9E /* R.generated.swift */ = {isa = PBXFileReference; fileEncoding = 4; lastKnownFileType = sourcecode.swift; path = R.generated.swift; sourceTree = "<group>"; };
		B45AD42C282CE71C0032CA9E /* QiitaModel.swift */ = {isa = PBXFileReference; lastKnownFileType = sourcecode.swift; path = QiitaModel.swift; sourceTree = "<group>"; };
		B45AD42E282CE8880032CA9E /* QiitaAPI.swift */ = {isa = PBXFileReference; lastKnownFileType = sourcecode.swift; path = QiitaAPI.swift; sourceTree = "<group>"; };
		B45AD430282CED8C0032CA9E /* TableViewCell.swift */ = {isa = PBXFileReference; lastKnownFileType = sourcecode.swift; path = TableViewCell.swift; sourceTree = "<group>"; };
		B45AD431282CED8D0032CA9E /* TableViewCell.xib */ = {isa = PBXFileReference; lastKnownFileType = file.xib; path = TableViewCell.xib; sourceTree = "<group>"; };
		B45AD437282CF9F70032CA9E /* QiitaViewModel.swift */ = {isa = PBXFileReference; lastKnownFileType = sourcecode.swift; path = QiitaViewModel.swift; sourceTree = "<group>"; };
		B45F25C7283B4F9000170675 /* MCUAPI.swift */ = {isa = PBXFileReference; lastKnownFileType = sourcecode.swift; path = MCUAPI.swift; sourceTree = "<group>"; };
		B45F25CA283B4FC400170675 /* MCUViewModel.swift */ = {isa = PBXFileReference; lastKnownFileType = sourcecode.swift; path = MCUViewModel.swift; sourceTree = "<group>"; };
		B45F25CC283B501000170675 /* MCUModel.swift */ = {isa = PBXFileReference; lastKnownFileType = sourcecode.swift; path = MCUModel.swift; sourceTree = "<group>"; };
		B45F25CE283B503D00170675 /* FavoriteViewController.swift */ = {isa = PBXFileReference; lastKnownFileType = sourcecode.swift; path = FavoriteViewController.swift; sourceTree = "<group>"; };
		B45F25D1283B505400170675 /* FavoriteViewController.storyboard */ = {isa = PBXFileReference; lastKnownFileType = file.storyboard; path = FavoriteViewController.storyboard; sourceTree = "<group>"; };
		B45F25D3283B509500170675 /* HomeViewController.swift */ = {isa = PBXFileReference; lastKnownFileType = sourcecode.swift; path = HomeViewController.swift; sourceTree = "<group>"; };
		B45F25D5283B50A900170675 /* Home.storyboard */ = {isa = PBXFileReference; lastKnownFileType = file.storyboard; path = Home.storyboard; sourceTree = "<group>"; };
		B45F25D9283B522400170675 /* MCUmovieCell.swift */ = {isa = PBXFileReference; lastKnownFileType = sourcecode.swift; path = MCUmovieCell.swift; sourceTree = "<group>"; };
		B45F25DB283B524500170675 /* MCUmovieCell.xib */ = {isa = PBXFileReference; lastKnownFileType = file.xib; path = MCUmovieCell.xib; sourceTree = "<group>"; };
		B45F25DD283B526500170675 /* MCUmovieViewController.swift */ = {isa = PBXFileReference; lastKnownFileType = sourcecode.swift; path = MCUmovieViewController.swift; sourceTree = "<group>"; };
		B45F25DF283B528800170675 /* MCUmovie.storyboard */ = {isa = PBXFileReference; lastKnownFileType = file.storyboard; path = MCUmovie.storyboard; sourceTree = "<group>"; };
		B45F25E1283B52BF00170675 /* MCUdramaCell.swift */ = {isa = PBXFileReference; lastKnownFileType = sourcecode.swift; path = MCUdramaCell.swift; sourceTree = "<group>"; };
		B45F25E3283B52DF00170675 /* MCUdramaCell.xib */ = {isa = PBXFileReference; lastKnownFileType = file.xib; path = MCUdramaCell.xib; sourceTree = "<group>"; };
		B45F25E5283B531400170675 /* MCUdramaViewController.swift */ = {isa = PBXFileReference; lastKnownFileType = sourcecode.swift; path = MCUdramaViewController.swift; sourceTree = "<group>"; };
		B45F25E7283B533100170675 /* MCUdrama.storyboard */ = {isa = PBXFileReference; lastKnownFileType = file.storyboard; path = MCUdrama.storyboard; sourceTree = "<group>"; };
		B45F25EC283B62DC00170675 /* DetailViewController.swift */ = {isa = PBXFileReference; lastKnownFileType = sourcecode.swift; path = DetailViewController.swift; sourceTree = "<group>"; };
		B45F25EE283B62EE00170675 /* DetailViewController.storyboard */ = {isa = PBXFileReference; lastKnownFileType = file.storyboard; path = DetailViewController.storyboard; sourceTree = "<group>"; };
		B48119DA2828B85B0030C9B5 /* ListTableViewCell.swift */ = {isa = PBXFileReference; lastKnownFileType = sourcecode.swift; path = ListTableViewCell.swift; sourceTree = "<group>"; };
		B48119DB2828B85B0030C9B5 /* ListTableViewCell.xib */ = {isa = PBXFileReference; lastKnownFileType = file.xib; path = ListTableViewCell.xib; sourceTree = "<group>"; };
		B48119F6282B673D0030C9B5 /* StyleHausListModel.swift */ = {isa = PBXFileReference; fileEncoding = 4; lastKnownFileType = sourcecode.swift; path = StyleHausListModel.swift; sourceTree = "<group>"; };
		B48119F8282B68530030C9B5 /* StandFMLiveListModel.swift */ = {isa = PBXFileReference; fileEncoding = 4; lastKnownFileType = sourcecode.swift; path = StandFMLiveListModel.swift; sourceTree = "<group>"; };
		B48119FA282B686E0030C9B5 /* LiveListCell.swift */ = {isa = PBXFileReference; fileEncoding = 4; lastKnownFileType = sourcecode.swift; path = LiveListCell.swift; sourceTree = "<group>"; };
		B48119FC282B68760030C9B5 /* LiveListCell.xib */ = {isa = PBXFileReference; fileEncoding = 4; lastKnownFileType = file.xib; path = LiveListCell.xib; sourceTree = "<group>"; };
		B4811A44282CB0A00030C9B5 /* UserDefaults+.swift */ = {isa = PBXFileReference; fileEncoding = 4; lastKnownFileType = sourcecode.swift; path = "UserDefaults+.swift"; sourceTree = "<group>"; };
		B4811A46282CB0A00030C9B5 /* UserDefaultsViewController.swift */ = {isa = PBXFileReference; fileEncoding = 4; lastKnownFileType = sourcecode.swift; path = UserDefaultsViewController.swift; sourceTree = "<group>"; };
		B4811A47282CB0A00030C9B5 /* UserDefaults.storyboard */ = {isa = PBXFileReference; fileEncoding = 4; lastKnownFileType = file.storyboard; path = UserDefaults.storyboard; sourceTree = "<group>"; };
		B4811A49282CB0A00030C9B5 /* DataModel.swift */ = {isa = PBXFileReference; fileEncoding = 4; lastKnownFileType = sourcecode.swift; path = DataModel.swift; sourceTree = "<group>"; };
		B4811A4B282CB0A00030C9B5 /* Validation.swift */ = {isa = PBXFileReference; fileEncoding = 4; lastKnownFileType = sourcecode.swift; path = Validation.swift; sourceTree = "<group>"; };
		B4811A56282CD4F10030C9B5 /* QiitaClient.storyboard */ = {isa = PBXFileReference; lastKnownFileType = file.storyboard; path = QiitaClient.storyboard; sourceTree = "<group>"; };
		B4811A58282CD5210030C9B5 /* QiitaClientViewController.swift */ = {isa = PBXFileReference; lastKnownFileType = sourcecode.swift; path = QiitaClientViewController.swift; sourceTree = "<group>"; };
		B4892B0A283332CF0099894F /* QiitaSearchTag.swift */ = {isa = PBXFileReference; lastKnownFileType = sourcecode.swift; path = QiitaSearchTag.swift; sourceTree = "<group>"; };
		B4892B1028348F3A0099894F /* HostingAPI.swift */ = {isa = PBXFileReference; lastKnownFileType = sourcecode.swift; path = HostingAPI.swift; sourceTree = "<group>"; };
		B4892B16283495270099894F /* YouTubeViewModel.swift */ = {isa = PBXFileReference; lastKnownFileType = sourcecode.swift; path = YouTubeViewModel.swift; sourceTree = "<group>"; };
		B4892B1928349F310099894F /* StyleHausViewModel.swift */ = {isa = PBXFileReference; lastKnownFileType = sourcecode.swift; path = StyleHausViewModel.swift; sourceTree = "<group>"; };
		B4BA447F2834CD4700F65E6E /* StandFMViewModel.swift */ = {isa = PBXFileReference; lastKnownFileType = sourcecode.swift; path = StandFMViewModel.swift; sourceTree = "<group>"; };
		B4BA44CD2835E29B00F65E6E /* TodoModel.swift */ = {isa = PBXFileReference; lastKnownFileType = sourcecode.swift; path = TodoModel.swift; sourceTree = "<group>"; };
		B4BA44D22835E2DD00F65E6E /* TodoViewController.swift */ = {isa = PBXFileReference; lastKnownFileType = sourcecode.swift; path = TodoViewController.swift; sourceTree = "<group>"; };
		B4BA44D42835E2F700F65E6E /* Todo.storyboard */ = {isa = PBXFileReference; lastKnownFileType = file.storyboard; path = Todo.storyboard; sourceTree = "<group>"; };
		B4BA44D62835E32800F65E6E /* TodoCell.swift */ = {isa = PBXFileReference; lastKnownFileType = sourcecode.swift; path = TodoCell.swift; sourceTree = "<group>"; };
		B4BA44D72835E32800F65E6E /* TodoCell.xib */ = {isa = PBXFileReference; lastKnownFileType = file.xib; path = TodoCell.xib; sourceTree = "<group>"; };
		B4BA45262836288F00F65E6E /* TodoValidator.swift */ = {isa = PBXFileReference; lastKnownFileType = sourcecode.swift; path = TodoValidator.swift; sourceTree = "<group>"; };
		B4BD48C6283E199600F72712 /* FavoriteItemCell.swift */ = {isa = PBXFileReference; lastKnownFileType = sourcecode.swift; path = FavoriteItemCell.swift; sourceTree = "<group>"; };
		B4BD48C7283E199600F72712 /* FavoriteItemCell.xib */ = {isa = PBXFileReference; lastKnownFileType = file.xib; path = FavoriteItemCell.xib; sourceTree = "<group>"; };
		B4BD48CA283E226900F72712 /* FavoriteDataModel.swift */ = {isa = PBXFileReference; lastKnownFileType = sourcecode.swift; path = FavoriteDataModel.swift; sourceTree = "<group>"; };
		B4BD48CC283F321B00F72712 /* SwipeViewController.swift */ = {isa = PBXFileReference; lastKnownFileType = sourcecode.swift; path = SwipeViewController.swift; sourceTree = "<group>"; };
		B4BD48CE283F323200F72712 /* SwipeView.storyboard */ = {isa = PBXFileReference; lastKnownFileType = file.storyboard; path = SwipeView.storyboard; sourceTree = "<group>"; };
		B4C255BF2824C0800055E69B /* StyleHausViewController.swift */ = {isa = PBXFileReference; lastKnownFileType = sourcecode.swift; path = StyleHausViewController.swift; sourceTree = "<group>"; };
		B4C255C12824C0C40055E69B /* StyleHaus.storyboard */ = {isa = PBXFileReference; lastKnownFileType = file.storyboard; path = StyleHaus.storyboard; sourceTree = "<group>"; };
		B4C255C52824F9F40055E69B /* StandFMViewController.swift */ = {isa = PBXFileReference; lastKnownFileType = sourcecode.swift; path = StandFMViewController.swift; sourceTree = "<group>"; };
		B4C255C72824FA090055E69B /* StandFM.storyboard */ = {isa = PBXFileReference; lastKnownFileType = file.storyboard; path = StandFM.storyboard; sourceTree = "<group>"; };
		B4C255C9282515100055E69B /* VideoTableViewCell.swift */ = {isa = PBXFileReference; lastKnownFileType = sourcecode.swift; path = VideoTableViewCell.swift; sourceTree = "<group>"; };
		B4C255CA282515100055E69B /* VideoTableViewCell.xib */ = {isa = PBXFileReference; lastKnownFileType = file.xib; path = VideoTableViewCell.xib; sourceTree = "<group>"; };
		B4C255CD282515470055E69B /* YouTubeVideoModel.swift */ = {isa = PBXFileReference; lastKnownFileType = sourcecode.swift; path = YouTubeVideoModel.swift; sourceTree = "<group>"; };
/* End PBXFileReference section */

/* Begin PBXFrameworksBuildPhase section */
		14B5554F2809A54D003F8E17 /* Frameworks */ = {
			isa = PBXFrameworksBuildPhase;
			buildActionMask = 2147483647;
			files = (
				B404FBD6282E04310049BDD1 /* ReactiveMoya in Frameworks */,
				B45AD41D282CE3540032CA9E /* Kingfisher in Frameworks */,
				82E7C0EAD9B95E3ACEBD0F9F /* Pods_tutorial.framework in Frameworks */,
				B404FBD4282E04310049BDD1 /* Moya in Frameworks */,
				B45AD450282D03F10032CA9E /* RxCocoa in Frameworks */,
				B404FBD2282E04310049BDD1 /* CombineMoya in Frameworks */,
				B4BA45222836044400F65E6E /* Realm in Frameworks */,
				B45F25EB283B538B00170675 /* Parchment in Frameworks */,
				B404FBD8282E04310049BDD1 /* RxMoya in Frameworks */,
				B4BA45242836044400F65E6E /* RealmSwift in Frameworks */,
				B4BD48C3283DBE5000F72712 /* InstantiateStandard in Frameworks */,
				B45AD452282D03F10032CA9E /* RxSwift in Frameworks */,
				B4BD48C1283DBE5000F72712 /* Instantiate in Frameworks */,
			);
			runOnlyForDeploymentPostprocessing = 0;
		};
/* End PBXFrameworksBuildPhase section */

/* Begin PBXGroup section */
		14B555492809A54D003F8E17 = {
			isa = PBXGroup;
			children = (
				14B555542809A54D003F8E17 /* tutorial */,
				14B555532809A54D003F8E17 /* Products */,
				6C532231A2CEFC9E89E0F860 /* Pods */,
				91550F059995C912F7AFDEA4 /* Frameworks */,
			);
			sourceTree = "<group>";
		};
		14B555532809A54D003F8E17 /* Products */ = {
			isa = PBXGroup;
			children = (
				14B555522809A54D003F8E17 /* tutorial.app */,
			);
			name = Products;
			sourceTree = "<group>";
		};
		14B555542809A54D003F8E17 /* tutorial */ = {
			isa = PBXGroup;
			children = (
				B45F25BD283B4C3400170675 /* MCU */,
				B4BA44CC2835E22900F65E6E /* RealmTodo */,
				B4811A51282CD4490030C9B5 /* QiitaClient */,
				B4C255C42824F9420055E69B /* standFM */,
				B4C255BE2824C04A0055E69B /* STYLEHAUS */,
				B453F868281F86B200629216 /* YouTube */,
				B4811A42282CB0A00030C9B5 /* UserDefaults */,
				14B555632809A555003F8E17 /* Info.plist */,
				B4892B0F28348EEA0099894F /* TutorialUtility */,
				B4C255C32824C0F40055E69B /* Main */,
				14B555572809A54D003F8E17 /* SceneDelegate.swift */,
				14B555552809A54D003F8E17 /* AppDelegate.swift */,
				14B5555E2809A555003F8E17 /* Assets.xcassets */,
				14B555602809A555003F8E17 /* LaunchScreen.storyboard */,
			);
			path = tutorial;
			sourceTree = "<group>";
		};
		6C532231A2CEFC9E89E0F860 /* Pods */ = {
			isa = PBXGroup;
			children = (
				2330ECC174CA3DF6D7E2E86E /* Pods-tutorial.debug.xcconfig */,
				9F6DE09E36C5A8A68BBDA584 /* Pods-tutorial.release.xcconfig */,
			);
			path = Pods;
			sourceTree = "<group>";
		};
		91550F059995C912F7AFDEA4 /* Frameworks */ = {
			isa = PBXGroup;
			children = (
				1D904DFD8706C3B2F0802C40 /* Pods_tutorial.framework */,
			);
			name = Frameworks;
			sourceTree = "<group>";
		};
		B453F868281F86B200629216 /* YouTube */ = {
			isa = PBXGroup;
			children = (
				B4892B15283494FB0099894F /* ViewModel */,
				B4C255D028251A190055E69B /* View */,
				B4C255CF28251A110055E69B /* Model */,
			);
			path = YouTube;
			sourceTree = "<group>";
		};
		B45AD418282CE2EC0032CA9E /* generated */ = {
			isa = PBXGroup;
			children = (
				B45AD419282CE2EC0032CA9E /* R.generated.swift */,
			);
			path = generated;
			sourceTree = SOURCE_ROOT;
		};
		B45F25BD283B4C3400170675 /* MCU */ = {
			isa = PBXGroup;
			children = (
				B45F25C6283B4F4700170675 /* ViewModel */,
				B45F25C5283B4F3E00170675 /* Model */,
				B45F25C4283B4CCA00170675 /* Favorite */,
				B45F25C3283B4CC000170675 /* Home */,
				B45F25C1283B4C9300170675 /* Utility */,
				B45F25C0283B4C8200170675 /* DetailView */,
				B45F25BE283B4C4500170675 /* MCUmovie */,
				B45F25BF283B4C6600170675 /* MCUdrama */,
			);
			path = MCU;
			sourceTree = "<group>";
		};
		B45F25BE283B4C4500170675 /* MCUmovie */ = {
			isa = PBXGroup;
			children = (
				B45F25D9283B522400170675 /* MCUmovieCell.swift */,
				B45F25DB283B524500170675 /* MCUmovieCell.xib */,
				B45F25DD283B526500170675 /* MCUmovieViewController.swift */,
				B45F25DF283B528800170675 /* MCUmovie.storyboard */,
			);
			path = MCUmovie;
			sourceTree = "<group>";
		};
		B45F25BF283B4C6600170675 /* MCUdrama */ = {
			isa = PBXGroup;
			children = (
				B45F25E1283B52BF00170675 /* MCUdramaCell.swift */,
				B45F25E3283B52DF00170675 /* MCUdramaCell.xib */,
				B45F25E5283B531400170675 /* MCUdramaViewController.swift */,
				B45F25E7283B533100170675 /* MCUdrama.storyboard */,
			);
			path = MCUdrama;
			sourceTree = "<group>";
		};
		B45F25C0283B4C8200170675 /* DetailView */ = {
			isa = PBXGroup;
			children = (
				B45F25EC283B62DC00170675 /* DetailViewController.swift */,
				B45F25EE283B62EE00170675 /* DetailViewController.storyboard */,
			);
			path = DetailView;
			sourceTree = "<group>";
		};
		B45F25C1283B4C9300170675 /* Utility */ = {
			isa = PBXGroup;
			children = (
				B45F25C7283B4F9000170675 /* MCUAPI.swift */,
			);
			path = Utility;
			sourceTree = "<group>";
		};
		B45F25C3283B4CC000170675 /* Home */ = {
			isa = PBXGroup;
			children = (
				B45F25D3283B509500170675 /* HomeViewController.swift */,
				B45F25D5283B50A900170675 /* Home.storyboard */,
				B4BD48CC283F321B00F72712 /* SwipeViewController.swift */,
				B4BD48CE283F323200F72712 /* SwipeView.storyboard */,
			);
			path = Home;
			sourceTree = "<group>";
		};
		B45F25C4283B4CCA00170675 /* Favorite */ = {
			isa = PBXGroup;
			children = (
				B45F25CE283B503D00170675 /* FavoriteViewController.swift */,
				B45F25D1283B505400170675 /* FavoriteViewController.storyboard */,
				B4BD48C6283E199600F72712 /* FavoriteItemCell.swift */,
				B4BD48C7283E199600F72712 /* FavoriteItemCell.xib */,
			);
			path = Favorite;
			sourceTree = "<group>";
		};
		B45F25C5283B4F3E00170675 /* Model */ = {
			isa = PBXGroup;
			children = (
				B45F25CC283B501000170675 /* MCUModel.swift */,
				B4BD48CA283E226900F72712 /* FavoriteDataModel.swift */,
			);
			path = Model;
			sourceTree = "<group>";
		};
		B45F25C6283B4F4700170675 /* ViewModel */ = {
			isa = PBXGroup;
			children = (
				B45F25CA283B4FC400170675 /* MCUViewModel.swift */,
			);
			path = ViewModel;
			sourceTree = "<group>";
		};
		B48119D62828B4490030C9B5 /* Model */ = {
			isa = PBXGroup;
			children = (
				B48119F6282B673D0030C9B5 /* StyleHausListModel.swift */,
			);
			path = Model;
			sourceTree = "<group>";
		};
		B48119D72828B4520030C9B5 /* View */ = {
			isa = PBXGroup;
			children = (
				B4C255BF2824C0800055E69B /* StyleHausViewController.swift */,
				B4C255C12824C0C40055E69B /* StyleHaus.storyboard */,
				B48119DA2828B85B0030C9B5 /* ListTableViewCell.swift */,
				B48119DB2828B85B0030C9B5 /* ListTableViewCell.xib */,
			);
			path = View;
			sourceTree = "<group>";
		};
		B48119DE282909AE0030C9B5 /* View */ = {
			isa = PBXGroup;
			children = (
				B4C255C52824F9F40055E69B /* StandFMViewController.swift */,
				B4C255C72824FA090055E69B /* StandFM.storyboard */,
				B48119FA282B686E0030C9B5 /* LiveListCell.swift */,
				B48119FC282B68760030C9B5 /* LiveListCell.xib */,
			);
			path = View;
			sourceTree = "<group>";
		};
		B48119DF282909B70030C9B5 /* Model */ = {
			isa = PBXGroup;
			children = (
				B48119F8282B68530030C9B5 /* StandFMLiveListModel.swift */,
			);
			path = Model;
			sourceTree = "<group>";
		};
		B4811A42282CB0A00030C9B5 /* UserDefaults */ = {
			isa = PBXGroup;
			children = (
				B4811A43282CB0A00030C9B5 /* Extension */,
				B4811A45282CB0A00030C9B5 /* Controller */,
				B4811A48282CB0A00030C9B5 /* Model */,
				B4811A4A282CB0A00030C9B5 /* Validation */,
			);
			path = UserDefaults;
			sourceTree = "<group>";
		};
		B4811A43282CB0A00030C9B5 /* Extension */ = {
			isa = PBXGroup;
			children = (
				B4811A44282CB0A00030C9B5 /* UserDefaults+.swift */,
			);
			path = Extension;
			sourceTree = "<group>";
		};
		B4811A45282CB0A00030C9B5 /* Controller */ = {
			isa = PBXGroup;
			children = (
				B4811A46282CB0A00030C9B5 /* UserDefaultsViewController.swift */,
				B4811A47282CB0A00030C9B5 /* UserDefaults.storyboard */,
			);
			path = Controller;
			sourceTree = "<group>";
		};
		B4811A48282CB0A00030C9B5 /* Model */ = {
			isa = PBXGroup;
			children = (
				B4811A49282CB0A00030C9B5 /* DataModel.swift */,
			);
			path = Model;
			sourceTree = "<group>";
		};
		B4811A4A282CB0A00030C9B5 /* Validation */ = {
			isa = PBXGroup;
			children = (
				B4811A4B282CB0A00030C9B5 /* Validation.swift */,
			);
			path = Validation;
			sourceTree = "<group>";
		};
		B4811A51282CD4490030C9B5 /* QiitaClient */ = {
			isa = PBXGroup;
			children = (
				B45AD418282CE2EC0032CA9E /* generated */,
				B4811A55282CD4AF0030C9B5 /* Utility */,
				B4811A54282CD49E0030C9B5 /* ViewModel */,
				B4811A53282CD4920030C9B5 /* View */,
				B4811A52282CD47F0030C9B5 /* Model */,
			);
			path = QiitaClient;
			sourceTree = "<group>";
		};
		B4811A52282CD47F0030C9B5 /* Model */ = {
			isa = PBXGroup;
			children = (
				B45AD42C282CE71C0032CA9E /* QiitaModel.swift */,
			);
			path = Model;
			sourceTree = "<group>";
		};
		B4811A53282CD4920030C9B5 /* View */ = {
			isa = PBXGroup;
			children = (
				B4811A56282CD4F10030C9B5 /* QiitaClient.storyboard */,
				B4811A58282CD5210030C9B5 /* QiitaClientViewController.swift */,
				B45AD430282CED8C0032CA9E /* TableViewCell.swift */,
				B45AD431282CED8D0032CA9E /* TableViewCell.xib */,
			);
			path = View;
			sourceTree = "<group>";
		};
		B4811A54282CD49E0030C9B5 /* ViewModel */ = {
			isa = PBXGroup;
			children = (
				B45AD437282CF9F70032CA9E /* QiitaViewModel.swift */,
			);
			path = ViewModel;
			sourceTree = "<group>";
		};
		B4811A55282CD4AF0030C9B5 /* Utility */ = {
			isa = PBXGroup;
			children = (
				B45AD42E282CE8880032CA9E /* QiitaAPI.swift */,
				B4892B0A283332CF0099894F /* QiitaSearchTag.swift */,
			);
			path = Utility;
			sourceTree = "<group>";
		};
		B4892B0F28348EEA0099894F /* TutorialUtility */ = {
			isa = PBXGroup;
			children = (
				B4892B1028348F3A0099894F /* HostingAPI.swift */,
			);
			path = TutorialUtility;
			sourceTree = "<group>";
		};
		B4892B15283494FB0099894F /* ViewModel */ = {
			isa = PBXGroup;
			children = (
				B4892B16283495270099894F /* YouTubeViewModel.swift */,
			);
			path = ViewModel;
			sourceTree = "<group>";
		};
		B4892B1828349F0A0099894F /* ViewModel */ = {
			isa = PBXGroup;
			children = (
				B4892B1928349F310099894F /* StyleHausViewModel.swift */,
			);
			path = ViewModel;
			sourceTree = "<group>";
		};
		B4BA447E2834CD1800F65E6E /* ViewModel */ = {
			isa = PBXGroup;
			children = (
				B4BA447F2834CD4700F65E6E /* StandFMViewModel.swift */,
			);
			path = ViewModel;
			sourceTree = "<group>";
		};
		B4BA44CC2835E22900F65E6E /* RealmTodo */ = {
			isa = PBXGroup;
			children = (
				B4BA45252836287800F65E6E /* Validation */,
				B4BA44D12835E2BA00F65E6E /* View */,
				B4BA44D02835E2AF00F65E6E /* Controller */,
				B4BA44CF2835E2A300F65E6E /* Model */,
			);
			name = RealmTodo;
			sourceTree = "<group>";
		};
		B4BA44CF2835E2A300F65E6E /* Model */ = {
			isa = PBXGroup;
			children = (
				B4BA44CD2835E29B00F65E6E /* TodoModel.swift */,
			);
			name = Model;
			sourceTree = "<group>";
		};
		B4BA44D02835E2AF00F65E6E /* Controller */ = {
			isa = PBXGroup;
			children = (
				B4BA44D22835E2DD00F65E6E /* TodoViewController.swift */,
				B4BA44D42835E2F700F65E6E /* Todo.storyboard */,
			);
			name = Controller;
			sourceTree = "<group>";
		};
		B4BA44D12835E2BA00F65E6E /* View */ = {
			isa = PBXGroup;
			children = (
				B4BA44D62835E32800F65E6E /* TodoCell.swift */,
				B4BA44D72835E32800F65E6E /* TodoCell.xib */,
			);
			name = View;
			sourceTree = "<group>";
		};
		B4BA45252836287800F65E6E /* Validation */ = {
			isa = PBXGroup;
			children = (
				B4BA45262836288F00F65E6E /* TodoValidator.swift */,
			);
			name = Validation;
			sourceTree = "<group>";
		};
		B4C255BE2824C04A0055E69B /* STYLEHAUS */ = {
			isa = PBXGroup;
			children = (
				B4892B1828349F0A0099894F /* ViewModel */,
				B48119D72828B4520030C9B5 /* View */,
				B48119D62828B4490030C9B5 /* Model */,
			);
			path = STYLEHAUS;
			sourceTree = "<group>";
		};
		B4C255C32824C0F40055E69B /* Main */ = {
			isa = PBXGroup;
			children = (
				14B555592809A54D003F8E17 /* ViewController.swift */,
				14B5555B2809A54D003F8E17 /* Main.storyboard */,
			);
			path = Main;
			sourceTree = "<group>";
		};
		B4C255C42824F9420055E69B /* standFM */ = {
			isa = PBXGroup;
			children = (
				B4BA447E2834CD1800F65E6E /* ViewModel */,
				B48119DF282909B70030C9B5 /* Model */,
				B48119DE282909AE0030C9B5 /* View */,
			);
			path = standFM;
			sourceTree = "<group>";
		};
		B4C255CF28251A110055E69B /* Model */ = {
			isa = PBXGroup;
			children = (
				B4C255CD282515470055E69B /* YouTubeVideoModel.swift */,
			);
			path = Model;
			sourceTree = "<group>";
		};
		B4C255D028251A190055E69B /* View */ = {
			isa = PBXGroup;
			children = (
				B453F869281F86CA00629216 /* YouTube.storyboard */,
				B453F86B281F879200629216 /* YouTubeViewController.swift */,
				B4C255CA282515100055E69B /* VideoTableViewCell.xib */,
				B4C255C9282515100055E69B /* VideoTableViewCell.swift */,
			);
			path = View;
			sourceTree = "<group>";
		};
/* End PBXGroup section */

/* Begin PBXNativeTarget section */
		14B555512809A54D003F8E17 /* tutorial */ = {
			isa = PBXNativeTarget;
			buildConfigurationList = 14B555662809A555003F8E17 /* Build configuration list for PBXNativeTarget "tutorial" */;
			buildPhases = (
				A9857705ED015E828ED36951 /* [CP] Check Pods Manifest.lock */,
				B45AD410282CD9500032CA9E /* Run Script */,
				14B5554E2809A54D003F8E17 /* Sources */,
				14B5554F2809A54D003F8E17 /* Frameworks */,
				14B555502809A54D003F8E17 /* Resources */,
				523AA7A121D41FA08FB86FF8 /* [CP] Embed Pods Frameworks */,
			);
			buildRules = (
			);
			dependencies = (
			);
			name = tutorial;
			packageProductDependencies = (
				B45AD41C282CE3540032CA9E /* Kingfisher */,
				B45AD44F282D03F10032CA9E /* RxCocoa */,
				B45AD451282D03F10032CA9E /* RxSwift */,
				B404FBD1282E04310049BDD1 /* CombineMoya */,
				B404FBD3282E04310049BDD1 /* Moya */,
				B404FBD5282E04310049BDD1 /* ReactiveMoya */,
				B404FBD7282E04310049BDD1 /* RxMoya */,
				B4BA45212836044400F65E6E /* Realm */,
				B4BA45232836044400F65E6E /* RealmSwift */,
				B45F25EA283B538B00170675 /* Parchment */,
				B4BD48C0283DBE5000F72712 /* Instantiate */,
				B4BD48C2283DBE5000F72712 /* InstantiateStandard */,
			);
			productName = tutorial;
			productReference = 14B555522809A54D003F8E17 /* tutorial.app */;
			productType = "com.apple.product-type.application";
		};
/* End PBXNativeTarget section */

/* Begin PBXProject section */
		14B5554A2809A54D003F8E17 /* Project object */ = {
			isa = PBXProject;
			attributes = {
				BuildIndependentTargetsInParallel = 1;
				LastSwiftUpdateCheck = 1330;
				LastUpgradeCheck = 1330;
				TargetAttributes = {
					14B555512809A54D003F8E17 = {
						CreatedOnToolsVersion = 13.3;
					};
				};
			};
			buildConfigurationList = 14B5554D2809A54D003F8E17 /* Build configuration list for PBXProject "tutorial" */;
			compatibilityVersion = "Xcode 13.0";
			developmentRegion = en;
			hasScannedForEncodings = 0;
			knownRegions = (
				en,
				Base,
			);
			mainGroup = 14B555492809A54D003F8E17;
			packageReferences = (
				B45AD41B282CE3540032CA9E /* XCRemoteSwiftPackageReference "Kingfisher" */,
				B45AD44E282D03F10032CA9E /* XCRemoteSwiftPackageReference "RxSwift" */,
				B404FBD0282E04310049BDD1 /* XCRemoteSwiftPackageReference "Moya" */,
				B4BA45202836044300F65E6E /* XCRemoteSwiftPackageReference "realm-swift" */,
				B45F25E9283B538A00170675 /* XCRemoteSwiftPackageReference "Parchment" */,
				B4BD48BF283DBE5000F72712 /* XCRemoteSwiftPackageReference "Instantiate" */,
			);
			productRefGroup = 14B555532809A54D003F8E17 /* Products */;
			projectDirPath = "";
			projectRoot = "";
			targets = (
				14B555512809A54D003F8E17 /* tutorial */,
			);
		};
/* End PBXProject section */

/* Begin PBXResourcesBuildPhase section */
		14B555502809A54D003F8E17 /* Resources */ = {
			isa = PBXResourcesBuildPhase;
			buildActionMask = 2147483647;
			files = (
				B4C255CC282515100055E69B /* VideoTableViewCell.xib in Resources */,
				B45AD433282CED8D0032CA9E /* TableViewCell.xib in Resources */,
				B45F25EF283B62EE00170675 /* DetailViewController.storyboard in Resources */,
				B4BA44D52835E2F700F65E6E /* Todo.storyboard in Resources */,
				B4C255C82824FA090055E69B /* StandFM.storyboard in Resources */,
				B45F25E8283B533100170675 /* MCUdrama.storyboard in Resources */,
				B4811A57282CD4F10030C9B5 /* QiitaClient.storyboard in Resources */,
				B45F25E0283B528800170675 /* MCUmovie.storyboard in Resources */,
				14B555622809A555003F8E17 /* LaunchScreen.storyboard in Resources */,
				14B5555F2809A555003F8E17 /* Assets.xcassets in Resources */,
				B4BD48C9283E199600F72712 /* FavoriteItemCell.xib in Resources */,
				B45F25E4283B52E000170675 /* MCUdramaCell.xib in Resources */,
				B48119FD282B68760030C9B5 /* LiveListCell.xib in Resources */,
				B4BD48CF283F323200F72712 /* SwipeView.storyboard in Resources */,
				B45F25D2283B505400170675 /* FavoriteViewController.storyboard in Resources */,
				B453F86A281F86CA00629216 /* YouTube.storyboard in Resources */,
				B4BA44D92835E32800F65E6E /* TodoCell.xib in Resources */,
				B45F25DC283B524500170675 /* MCUmovieCell.xib in Resources */,
				B48119DD2828B85B0030C9B5 /* ListTableViewCell.xib in Resources */,
				14B5555D2809A54D003F8E17 /* Main.storyboard in Resources */,
				B4C255C22824C0C40055E69B /* StyleHaus.storyboard in Resources */,
				B4811A4E282CB0A00030C9B5 /* UserDefaults.storyboard in Resources */,
				B45F25D6283B50A900170675 /* Home.storyboard in Resources */,
			);
			runOnlyForDeploymentPostprocessing = 0;
		};
/* End PBXResourcesBuildPhase section */

/* Begin PBXShellScriptBuildPhase section */
		523AA7A121D41FA08FB86FF8 /* [CP] Embed Pods Frameworks */ = {
			isa = PBXShellScriptBuildPhase;
			buildActionMask = 2147483647;
			files = (
			);
			inputFileListPaths = (
				"${PODS_ROOT}/Target Support Files/Pods-tutorial/Pods-tutorial-frameworks-${CONFIGURATION}-input-files.xcfilelist",
			);
			name = "[CP] Embed Pods Frameworks";
			outputFileListPaths = (
				"${PODS_ROOT}/Target Support Files/Pods-tutorial/Pods-tutorial-frameworks-${CONFIGURATION}-output-files.xcfilelist",
			);
			runOnlyForDeploymentPostprocessing = 0;
			shellPath = /bin/sh;
			shellScript = "\"${PODS_ROOT}/Target Support Files/Pods-tutorial/Pods-tutorial-frameworks.sh\"\n";
			showEnvVarsInLog = 0;
		};
		A9857705ED015E828ED36951 /* [CP] Check Pods Manifest.lock */ = {
			isa = PBXShellScriptBuildPhase;
			buildActionMask = 2147483647;
			files = (
			);
			inputFileListPaths = (
			);
			inputPaths = (
				"${PODS_PODFILE_DIR_PATH}/Podfile.lock",
				"${PODS_ROOT}/Manifest.lock",
			);
			name = "[CP] Check Pods Manifest.lock";
			outputFileListPaths = (
			);
			outputPaths = (
				"$(DERIVED_FILE_DIR)/Pods-tutorial-checkManifestLockResult.txt",
			);
			runOnlyForDeploymentPostprocessing = 0;
			shellPath = /bin/sh;
			shellScript = "diff \"${PODS_PODFILE_DIR_PATH}/Podfile.lock\" \"${PODS_ROOT}/Manifest.lock\" > /dev/null\nif [ $? != 0 ] ; then\n    # print error to STDERR\n    echo \"error: The sandbox is not in sync with the Podfile.lock. Run 'pod install' or update your CocoaPods installation.\" >&2\n    exit 1\nfi\n# This output is used by Xcode 'outputs' to avoid re-running this script phase.\necho \"SUCCESS\" > \"${SCRIPT_OUTPUT_FILE_0}\"\n";
			showEnvVarsInLog = 0;
		};
		B45AD410282CD9500032CA9E /* Run Script */ = {
			isa = PBXShellScriptBuildPhase;
			buildActionMask = 12;
			files = (
			);
			inputFileListPaths = (
			);
			inputPaths = (
				"$TEMP_DIR/rswift-lastrun",
			);
			name = "Run Script";
			outputFileListPaths = (
			);
			outputPaths = (
				$SRCROOT/generated/R.generated.swift,
			);
			runOnlyForDeploymentPostprocessing = 0;
			shellPath = /bin/sh;
			shellScript = "# Type a script or drag a script file from your workspace to insert its path.\nif which rswift >/dev/null; then\nrswift generate \"$SRCROOT/generated/R.generated.swift\"\nelse\necho \"warning: rswift not installed\"\nfi\n";
		};
/* End PBXShellScriptBuildPhase section */

/* Begin PBXSourcesBuildPhase section */
		14B5554E2809A54D003F8E17 /* Sources */ = {
			isa = PBXSourcesBuildPhase;
			buildActionMask = 2147483647;
			files = (
				B4C255C02824C0800055E69B /* StyleHausViewController.swift in Sources */,
				B4892B17283495270099894F /* YouTubeViewModel.swift in Sources */,
				B45F25DA283B522400170675 /* MCUmovieCell.swift in Sources */,
				B4BA45272836288F00F65E6E /* TodoValidator.swift in Sources */,
				B4BD48C8283E199600F72712 /* FavoriteItemCell.swift in Sources */,
				B4BA44D32835E2DD00F65E6E /* TodoViewController.swift in Sources */,
				B4892B1128348F3A0099894F /* HostingAPI.swift in Sources */,
				B45F25CD283B501000170675 /* MCUModel.swift in Sources */,
				B4892B1A28349F310099894F /* StyleHausViewModel.swift in Sources */,
				B45F25C8283B4F9000170675 /* MCUAPI.swift in Sources */,
				B4BA44802834CD4700F65E6E /* StandFMViewModel.swift in Sources */,
				B4BA44CE2835E29B00F65E6E /* TodoModel.swift in Sources */,
				14B5555A2809A54D003F8E17 /* ViewController.swift in Sources */,
				B45AD42D282CE71D0032CA9E /* QiitaModel.swift in Sources */,
				B4811A4C282CB0A00030C9B5 /* UserDefaults+.swift in Sources */,
				B45F25DE283B526500170675 /* MCUmovieViewController.swift in Sources */,
				B45F25E2283B52BF00170675 /* MCUdramaCell.swift in Sources */,
				B4BD48CD283F321B00F72712 /* SwipeViewController.swift in Sources */,
				B48119F9282B68530030C9B5 /* StandFMLiveListModel.swift in Sources */,
				B4C255CB282515100055E69B /* VideoTableViewCell.swift in Sources */,
				B4BD48CB283E226900F72712 /* FavoriteDataModel.swift in Sources */,
				B4811A4F282CB0A00030C9B5 /* DataModel.swift in Sources */,
				B4BA44D82835E32800F65E6E /* TodoCell.swift in Sources */,
				B4811A50282CB0A00030C9B5 /* Validation.swift in Sources */,
				B453F86C281F879200629216 /* YouTubeViewController.swift in Sources */,
				14B555562809A54D003F8E17 /* AppDelegate.swift in Sources */,
				B4C255C62824F9F40055E69B /* StandFMViewController.swift in Sources */,
				B4811A59282CD5210030C9B5 /* QiitaClientViewController.swift in Sources */,
				B45AD432282CED8D0032CA9E /* TableViewCell.swift in Sources */,
				B45F25ED283B62DC00170675 /* DetailViewController.swift in Sources */,
				B45F25E6283B531400170675 /* MCUdramaViewController.swift in Sources */,
				B45F25D4283B509500170675 /* HomeViewController.swift in Sources */,
				B45AD41A282CE2EC0032CA9E /* R.generated.swift in Sources */,
				B45F25CF283B503D00170675 /* FavoriteViewController.swift in Sources */,
				B4811A4D282CB0A00030C9B5 /* UserDefaultsViewController.swift in Sources */,
				B45AD438282CF9F70032CA9E /* QiitaViewModel.swift in Sources */,
				14B555582809A54D003F8E17 /* SceneDelegate.swift in Sources */,
				B45AD42F282CE8880032CA9E /* QiitaAPI.swift in Sources */,
				B45F25CB283B4FC400170675 /* MCUViewModel.swift in Sources */,
				B4C255CE282515470055E69B /* YouTubeVideoModel.swift in Sources */,
				B48119FB282B686E0030C9B5 /* LiveListCell.swift in Sources */,
				B48119DC2828B85B0030C9B5 /* ListTableViewCell.swift in Sources */,
				B4892B0B283332CF0099894F /* QiitaSearchTag.swift in Sources */,
				B48119F7282B673D0030C9B5 /* StyleHausListModel.swift in Sources */,
			);
			runOnlyForDeploymentPostprocessing = 0;
		};
/* End PBXSourcesBuildPhase section */

/* Begin PBXVariantGroup section */
		14B5555B2809A54D003F8E17 /* Main.storyboard */ = {
			isa = PBXVariantGroup;
			children = (
				14B5555C2809A54D003F8E17 /* Base */,
			);
			name = Main.storyboard;
			sourceTree = "<group>";
		};
		14B555602809A555003F8E17 /* LaunchScreen.storyboard */ = {
			isa = PBXVariantGroup;
			children = (
				14B555612809A555003F8E17 /* Base */,
			);
			name = LaunchScreen.storyboard;
			sourceTree = "<group>";
		};
/* End PBXVariantGroup section */

/* Begin XCBuildConfiguration section */
		14B555642809A555003F8E17 /* Debug */ = {
			isa = XCBuildConfiguration;
			buildSettings = {
				ALWAYS_SEARCH_USER_PATHS = NO;
				CLANG_ANALYZER_NONNULL = YES;
				CLANG_ANALYZER_NUMBER_OBJECT_CONVERSION = YES_AGGRESSIVE;
				CLANG_CXX_LANGUAGE_STANDARD = "gnu++17";
				CLANG_ENABLE_MODULES = YES;
				CLANG_ENABLE_OBJC_ARC = YES;
				CLANG_ENABLE_OBJC_WEAK = YES;
				CLANG_WARN_BLOCK_CAPTURE_AUTORELEASING = YES;
				CLANG_WARN_BOOL_CONVERSION = YES;
				CLANG_WARN_COMMA = YES;
				CLANG_WARN_CONSTANT_CONVERSION = YES;
				CLANG_WARN_DEPRECATED_OBJC_IMPLEMENTATIONS = YES;
				CLANG_WARN_DIRECT_OBJC_ISA_USAGE = YES_ERROR;
				CLANG_WARN_DOCUMENTATION_COMMENTS = YES;
				CLANG_WARN_EMPTY_BODY = YES;
				CLANG_WARN_ENUM_CONVERSION = YES;
				CLANG_WARN_INFINITE_RECURSION = YES;
				CLANG_WARN_INT_CONVERSION = YES;
				CLANG_WARN_NON_LITERAL_NULL_CONVERSION = YES;
				CLANG_WARN_OBJC_IMPLICIT_RETAIN_SELF = YES;
				CLANG_WARN_OBJC_LITERAL_CONVERSION = YES;
				CLANG_WARN_OBJC_ROOT_CLASS = YES_ERROR;
				CLANG_WARN_QUOTED_INCLUDE_IN_FRAMEWORK_HEADER = YES;
				CLANG_WARN_RANGE_LOOP_ANALYSIS = YES;
				CLANG_WARN_STRICT_PROTOTYPES = YES;
				CLANG_WARN_SUSPICIOUS_MOVE = YES;
				CLANG_WARN_UNGUARDED_AVAILABILITY = YES_AGGRESSIVE;
				CLANG_WARN_UNREACHABLE_CODE = YES;
				CLANG_WARN__DUPLICATE_METHOD_MATCH = YES;
				COPY_PHASE_STRIP = NO;
				DEBUG_INFORMATION_FORMAT = dwarf;
				ENABLE_STRICT_OBJC_MSGSEND = YES;
				ENABLE_TESTABILITY = YES;
				GCC_C_LANGUAGE_STANDARD = gnu11;
				GCC_DYNAMIC_NO_PIC = NO;
				GCC_NO_COMMON_BLOCKS = YES;
				GCC_OPTIMIZATION_LEVEL = 0;
				GCC_PREPROCESSOR_DEFINITIONS = (
					"DEBUG=1",
					"$(inherited)",
				);
				GCC_WARN_64_TO_32_BIT_CONVERSION = YES;
				GCC_WARN_ABOUT_RETURN_TYPE = YES_ERROR;
				GCC_WARN_UNDECLARED_SELECTOR = YES;
				GCC_WARN_UNINITIALIZED_AUTOS = YES_AGGRESSIVE;
				GCC_WARN_UNUSED_FUNCTION = YES;
				GCC_WARN_UNUSED_VARIABLE = YES;
				IPHONEOS_DEPLOYMENT_TARGET = 14.1;
				MTL_ENABLE_DEBUG_INFO = INCLUDE_SOURCE;
				MTL_FAST_MATH = YES;
				ONLY_ACTIVE_ARCH = YES;
				SDKROOT = iphoneos;
				SWIFT_ACTIVE_COMPILATION_CONDITIONS = DEBUG;
				SWIFT_OPTIMIZATION_LEVEL = "-Onone";
			};
			name = Debug;
		};
		14B555652809A555003F8E17 /* Release */ = {
			isa = XCBuildConfiguration;
			buildSettings = {
				ALWAYS_SEARCH_USER_PATHS = NO;
				CLANG_ANALYZER_NONNULL = YES;
				CLANG_ANALYZER_NUMBER_OBJECT_CONVERSION = YES_AGGRESSIVE;
				CLANG_CXX_LANGUAGE_STANDARD = "gnu++17";
				CLANG_ENABLE_MODULES = YES;
				CLANG_ENABLE_OBJC_ARC = YES;
				CLANG_ENABLE_OBJC_WEAK = YES;
				CLANG_WARN_BLOCK_CAPTURE_AUTORELEASING = YES;
				CLANG_WARN_BOOL_CONVERSION = YES;
				CLANG_WARN_COMMA = YES;
				CLANG_WARN_CONSTANT_CONVERSION = YES;
				CLANG_WARN_DEPRECATED_OBJC_IMPLEMENTATIONS = YES;
				CLANG_WARN_DIRECT_OBJC_ISA_USAGE = YES_ERROR;
				CLANG_WARN_DOCUMENTATION_COMMENTS = YES;
				CLANG_WARN_EMPTY_BODY = YES;
				CLANG_WARN_ENUM_CONVERSION = YES;
				CLANG_WARN_INFINITE_RECURSION = YES;
				CLANG_WARN_INT_CONVERSION = YES;
				CLANG_WARN_NON_LITERAL_NULL_CONVERSION = YES;
				CLANG_WARN_OBJC_IMPLICIT_RETAIN_SELF = YES;
				CLANG_WARN_OBJC_LITERAL_CONVERSION = YES;
				CLANG_WARN_OBJC_ROOT_CLASS = YES_ERROR;
				CLANG_WARN_QUOTED_INCLUDE_IN_FRAMEWORK_HEADER = YES;
				CLANG_WARN_RANGE_LOOP_ANALYSIS = YES;
				CLANG_WARN_STRICT_PROTOTYPES = YES;
				CLANG_WARN_SUSPICIOUS_MOVE = YES;
				CLANG_WARN_UNGUARDED_AVAILABILITY = YES_AGGRESSIVE;
				CLANG_WARN_UNREACHABLE_CODE = YES;
				CLANG_WARN__DUPLICATE_METHOD_MATCH = YES;
				COPY_PHASE_STRIP = NO;
				DEBUG_INFORMATION_FORMAT = "dwarf-with-dsym";
				ENABLE_NS_ASSERTIONS = NO;
				ENABLE_STRICT_OBJC_MSGSEND = YES;
				GCC_C_LANGUAGE_STANDARD = gnu11;
				GCC_NO_COMMON_BLOCKS = YES;
				GCC_WARN_64_TO_32_BIT_CONVERSION = YES;
				GCC_WARN_ABOUT_RETURN_TYPE = YES_ERROR;
				GCC_WARN_UNDECLARED_SELECTOR = YES;
				GCC_WARN_UNINITIALIZED_AUTOS = YES_AGGRESSIVE;
				GCC_WARN_UNUSED_FUNCTION = YES;
				GCC_WARN_UNUSED_VARIABLE = YES;
				IPHONEOS_DEPLOYMENT_TARGET = 14.1;
				MTL_ENABLE_DEBUG_INFO = NO;
				MTL_FAST_MATH = YES;
				SDKROOT = iphoneos;
				SWIFT_COMPILATION_MODE = wholemodule;
				SWIFT_OPTIMIZATION_LEVEL = "-O";
				VALIDATE_PRODUCT = YES;
			};
			name = Release;
		};
		14B555672809A555003F8E17 /* Debug */ = {
			isa = XCBuildConfiguration;
			baseConfigurationReference = 2330ECC174CA3DF6D7E2E86E /* Pods-tutorial.debug.xcconfig */;
			buildSettings = {
				ASSETCATALOG_COMPILER_APPICON_NAME = AppIcon;
				ASSETCATALOG_COMPILER_GLOBAL_ACCENT_COLOR_NAME = AccentColor;
				CODE_SIGN_STYLE = Automatic;
				CURRENT_PROJECT_VERSION = 1;
				DEVELOPMENT_TEAM = 8WHJLXCH2K;
				GENERATE_INFOPLIST_FILE = YES;
				INFOPLIST_FILE = tutorial/Info.plist;
				INFOPLIST_KEY_UIApplicationSupportsIndirectInputEvents = YES;
				INFOPLIST_KEY_UILaunchStoryboardName = LaunchScreen;
				INFOPLIST_KEY_UIMainStoryboardFile = Main;
				INFOPLIST_KEY_UISupportedInterfaceOrientations_iPad = "UIInterfaceOrientationPortrait UIInterfaceOrientationPortraitUpsideDown UIInterfaceOrientationLandscapeLeft UIInterfaceOrientationLandscapeRight";
				INFOPLIST_KEY_UISupportedInterfaceOrientations_iPhone = "UIInterfaceOrientationPortrait UIInterfaceOrientationLandscapeLeft UIInterfaceOrientationLandscapeRight";
				LD_RUNPATH_SEARCH_PATHS = (
					"$(inherited)",
					"@executable_path/Frameworks",
				);
				MARKETING_VERSION = 1.0;
				PRODUCT_BUNDLE_IDENTIFIER = com.axiaworks.tutorial;
				PRODUCT_NAME = "$(TARGET_NAME)";
				SWIFT_EMIT_LOC_STRINGS = YES;
				SWIFT_VERSION = 5.0;
				TARGETED_DEVICE_FAMILY = "1,2";
			};
			name = Debug;
		};
		14B555682809A555003F8E17 /* Release */ = {
			isa = XCBuildConfiguration;
			baseConfigurationReference = 9F6DE09E36C5A8A68BBDA584 /* Pods-tutorial.release.xcconfig */;
			buildSettings = {
				ASSETCATALOG_COMPILER_APPICON_NAME = AppIcon;
				ASSETCATALOG_COMPILER_GLOBAL_ACCENT_COLOR_NAME = AccentColor;
				CODE_SIGN_STYLE = Automatic;
				CURRENT_PROJECT_VERSION = 1;
				DEVELOPMENT_TEAM = 8WHJLXCH2K;
				GENERATE_INFOPLIST_FILE = YES;
				INFOPLIST_FILE = tutorial/Info.plist;
				INFOPLIST_KEY_UIApplicationSupportsIndirectInputEvents = YES;
				INFOPLIST_KEY_UILaunchStoryboardName = LaunchScreen;
				INFOPLIST_KEY_UIMainStoryboardFile = Main;
				INFOPLIST_KEY_UISupportedInterfaceOrientations_iPad = "UIInterfaceOrientationPortrait UIInterfaceOrientationPortraitUpsideDown UIInterfaceOrientationLandscapeLeft UIInterfaceOrientationLandscapeRight";
				INFOPLIST_KEY_UISupportedInterfaceOrientations_iPhone = "UIInterfaceOrientationPortrait UIInterfaceOrientationLandscapeLeft UIInterfaceOrientationLandscapeRight";
				LD_RUNPATH_SEARCH_PATHS = (
					"$(inherited)",
					"@executable_path/Frameworks",
				);
				MARKETING_VERSION = 1.0;
				PRODUCT_BUNDLE_IDENTIFIER = com.axiaworks.tutorial;
				PRODUCT_NAME = "$(TARGET_NAME)";
				SWIFT_EMIT_LOC_STRINGS = YES;
				SWIFT_VERSION = 5.0;
				TARGETED_DEVICE_FAMILY = "1,2";
			};
			name = Release;
		};
/* End XCBuildConfiguration section */

/* Begin XCConfigurationList section */
		14B5554D2809A54D003F8E17 /* Build configuration list for PBXProject "tutorial" */ = {
			isa = XCConfigurationList;
			buildConfigurations = (
				14B555642809A555003F8E17 /* Debug */,
				14B555652809A555003F8E17 /* Release */,
			);
			defaultConfigurationIsVisible = 0;
			defaultConfigurationName = Release;
		};
		14B555662809A555003F8E17 /* Build configuration list for PBXNativeTarget "tutorial" */ = {
			isa = XCConfigurationList;
			buildConfigurations = (
				14B555672809A555003F8E17 /* Debug */,
				14B555682809A555003F8E17 /* Release */,
			);
			defaultConfigurationIsVisible = 0;
			defaultConfigurationName = Release;
		};
/* End XCConfigurationList section */

/* Begin XCRemoteSwiftPackageReference section */
		B404FBD0282E04310049BDD1 /* XCRemoteSwiftPackageReference "Moya" */ = {
			isa = XCRemoteSwiftPackageReference;
			repositoryURL = "https://github.com/Moya/Moya";
			requirement = {
				branch = master;
				kind = branch;
			};
		};
		B45AD41B282CE3540032CA9E /* XCRemoteSwiftPackageReference "Kingfisher" */ = {
			isa = XCRemoteSwiftPackageReference;
			repositoryURL = "https://github.com/onevcat/Kingfisher";
			requirement = {
				kind = upToNextMajorVersion;
				minimumVersion = 7.0.0;
			};
		};
		B45AD44E282D03F10032CA9E /* XCRemoteSwiftPackageReference "RxSwift" */ = {
			isa = XCRemoteSwiftPackageReference;
			repositoryURL = "https://github.com/ReactiveX/RxSwift";
			requirement = {
				branch = main;
				kind = branch;
			};
		};
		B45F25E9283B538A00170675 /* XCRemoteSwiftPackageReference "Parchment" */ = {
			isa = XCRemoteSwiftPackageReference;
			repositoryURL = "https://github.com/rechsteiner/Parchment";
			requirement = {
				branch = main;
				kind = branch;
			};
		};
		B4BA45202836044300F65E6E /* XCRemoteSwiftPackageReference "realm-swift" */ = {
			isa = XCRemoteSwiftPackageReference;
			repositoryURL = "https://github.com/realm/realm-swift";
			requirement = {
				branch = master;
				kind = branch;
			};
		};
		B4BD48BF283DBE5000F72712 /* XCRemoteSwiftPackageReference "Instantiate" */ = {
			isa = XCRemoteSwiftPackageReference;
			repositoryURL = "https://github.com/tarunon/Instantiate";
			requirement = {
				kind = upToNextMajorVersion;
				minimumVersion = 4.0.0;
			};
		};
/* End XCRemoteSwiftPackageReference section */

/* Begin XCSwiftPackageProductDependency section */
		B404FBD1282E04310049BDD1 /* CombineMoya */ = {
			isa = XCSwiftPackageProductDependency;
			package = B404FBD0282E04310049BDD1 /* XCRemoteSwiftPackageReference "Moya" */;
			productName = CombineMoya;
		};
		B404FBD3282E04310049BDD1 /* Moya */ = {
			isa = XCSwiftPackageProductDependency;
			package = B404FBD0282E04310049BDD1 /* XCRemoteSwiftPackageReference "Moya" */;
			productName = Moya;
		};
		B404FBD5282E04310049BDD1 /* ReactiveMoya */ = {
			isa = XCSwiftPackageProductDependency;
			package = B404FBD0282E04310049BDD1 /* XCRemoteSwiftPackageReference "Moya" */;
			productName = ReactiveMoya;
		};
		B404FBD7282E04310049BDD1 /* RxMoya */ = {
			isa = XCSwiftPackageProductDependency;
			package = B404FBD0282E04310049BDD1 /* XCRemoteSwiftPackageReference "Moya" */;
			productName = RxMoya;
		};
		B45AD41C282CE3540032CA9E /* Kingfisher */ = {
			isa = XCSwiftPackageProductDependency;
			package = B45AD41B282CE3540032CA9E /* XCRemoteSwiftPackageReference "Kingfisher" */;
			productName = Kingfisher;
		};
		B45AD44F282D03F10032CA9E /* RxCocoa */ = {
			isa = XCSwiftPackageProductDependency;
			package = B45AD44E282D03F10032CA9E /* XCRemoteSwiftPackageReference "RxSwift" */;
			productName = RxCocoa;
		};
		B45AD451282D03F10032CA9E /* RxSwift */ = {
			isa = XCSwiftPackageProductDependency;
			package = B45AD44E282D03F10032CA9E /* XCRemoteSwiftPackageReference "RxSwift" */;
			productName = RxSwift;
		};
		B45F25EA283B538B00170675 /* Parchment */ = {
			isa = XCSwiftPackageProductDependency;
			package = B45F25E9283B538A00170675 /* XCRemoteSwiftPackageReference "Parchment" */;
			productName = Parchment;
		};
		B4BA45212836044400F65E6E /* Realm */ = {
			isa = XCSwiftPackageProductDependency;
			package = B4BA45202836044300F65E6E /* XCRemoteSwiftPackageReference "realm-swift" */;
			productName = Realm;
		};
		B4BA45232836044400F65E6E /* RealmSwift */ = {
			isa = XCSwiftPackageProductDependency;
			package = B4BA45202836044300F65E6E /* XCRemoteSwiftPackageReference "realm-swift" */;
			productName = RealmSwift;
		};
		B4BD48C0283DBE5000F72712 /* Instantiate */ = {
			isa = XCSwiftPackageProductDependency;
			package = B4BD48BF283DBE5000F72712 /* XCRemoteSwiftPackageReference "Instantiate" */;
			productName = Instantiate;
		};
		B4BD48C2283DBE5000F72712 /* InstantiateStandard */ = {
			isa = XCSwiftPackageProductDependency;
			package = B4BD48BF283DBE5000F72712 /* XCRemoteSwiftPackageReference "Instantiate" */;
			productName = InstantiateStandard;
		};
/* End XCSwiftPackageProductDependency section */
	};
	rootObject = 14B5554A2809A54D003F8E17 /* Project object */;
}
